// !$*UTF8*$!
{
	archiveVersion = 1;
	classes = {
	};
	objectVersion = 46;
	objects = {

/* Begin PBXBuildFile section */
		205E4ECB21F8E94E00ABB0D8 /* DevHelper.framework in Frameworks */ = {isa = PBXBuildFile; fileRef = 205E4EC121F8E94E00ABB0D8 /* DevHelper.framework */; };
		205E4ED021F8E94E00ABB0D8 /* DevHelperTests.swift in Sources */ = {isa = PBXBuildFile; fileRef = 205E4ECF21F8E94E00ABB0D8 /* DevHelperTests.swift */; };
		205E4EFB21F901A500ABB0D8 /* DevHelper.podspec in Resources */ = {isa = PBXBuildFile; fileRef = 205E4EFA21F901A500ABB0D8 /* DevHelper.podspec */; };
		2090ADF423753074008D1333 /* DHHeaderView.swift in Sources */ = {isa = PBXBuildFile; fileRef = 2090ADBE23753074008D1333 /* DHHeaderView.swift */; };
		2090ADF523753074008D1333 /* DHLoginInputView.swift in Sources */ = {isa = PBXBuildFile; fileRef = 2090ADBF23753074008D1333 /* DHLoginInputView.swift */; };
		2090ADF623753074008D1333 /* DHUIBuilder.swift in Sources */ = {isa = PBXBuildFile; fileRef = 2090ADC023753074008D1333 /* DHUIBuilder.swift */; };
		2090ADF723753074008D1333 /* DHCenteredCollectionView.swift in Sources */ = {isa = PBXBuildFile; fileRef = 2090ADC123753074008D1333 /* DHCenteredCollectionView.swift */; };
		2090ADF823753074008D1333 /* DHIconLabelView.swift in Sources */ = {isa = PBXBuildFile; fileRef = 2090ADC223753074008D1333 /* DHIconLabelView.swift */; };
		2090ADF923753074008D1333 /* DHGradientView.swift in Sources */ = {isa = PBXBuildFile; fileRef = 2090ADC323753074008D1333 /* DHGradientView.swift */; };
		2090ADFA23753074008D1333 /* DevHelper.h in Headers */ = {isa = PBXBuildFile; fileRef = 2090ADC423753074008D1333 /* DevHelper.h */; };
		2090ADFB23753074008D1333 /* Info.plist in Resources */ = {isa = PBXBuildFile; fileRef = 2090ADC523753074008D1333 /* Info.plist */; };
		2090ADFC23753074008D1333 /* ImageProvider.swift in Sources */ = {isa = PBXBuildFile; fileRef = 2090ADC723753074008D1333 /* ImageProvider.swift */; };
		2090ADFD23753074008D1333 /* PlainModelSection.swift in Sources */ = {isa = PBXBuildFile; fileRef = 2090ADC923753074008D1333 /* PlainModelSection.swift */; };
		2090ADFE23753074008D1333 /* PlainDataSource.swift in Sources */ = {isa = PBXBuildFile; fileRef = 2090ADCA23753074008D1333 /* PlainDataSource.swift */; };
		2090ADFF23753074008D1333 /* SearchBarView.swift in Sources */ = {isa = PBXBuildFile; fileRef = 2090ADCB23753074008D1333 /* SearchBarView.swift */; };
		2090AE0023753074008D1333 /* DailyModelSection.swift in Sources */ = {isa = PBXBuildFile; fileRef = 2090ADCD23753074008D1333 /* DailyModelSection.swift */; };
		2090AE0123753074008D1333 /* DailyDataSource.swift in Sources */ = {isa = PBXBuildFile; fileRef = 2090ADCE23753074008D1333 /* DailyDataSource.swift */; };
		2090AE0223753074008D1333 /* TappableButton.swift in Sources */ = {isa = PBXBuildFile; fileRef = 2090ADCF23753074008D1333 /* TappableButton.swift */; };
		2090AE0323753074008D1333 /* TableControllerStates.swift in Sources */ = {isa = PBXBuildFile; fileRef = 2090ADD223753074008D1333 /* TableControllerStates.swift */; };
		2090AE0423753074008D1333 /* FilterToolBarStruct.swift in Sources */ = {isa = PBXBuildFile; fileRef = 2090ADD323753074008D1333 /* FilterToolBarStruct.swift */; };
		2090AE0523753074008D1333 /* FilterNotificationStruct.swift in Sources */ = {isa = PBXBuildFile; fileRef = 2090ADD423753074008D1333 /* FilterNotificationStruct.swift */; };
		2090AE0623753074008D1333 /* TableConfiguration.swift in Sources */ = {isa = PBXBuildFile; fileRef = 2090ADD523753074008D1333 /* TableConfiguration.swift */; };
		2090AE0723753074008D1333 /* TableViewOptionsStruct.swift in Sources */ = {isa = PBXBuildFile; fileRef = 2090ADD623753074008D1333 /* TableViewOptionsStruct.swift */; };
		2090AE0823753074008D1333 /* TableController.swift in Sources */ = {isa = PBXBuildFile; fileRef = 2090ADD823753074008D1333 /* TableController.swift */; };
		2090AE0923753074008D1333 /* BaseFooterView.swift in Sources */ = {isa = PBXBuildFile; fileRef = 2090ADDA23753074008D1333 /* BaseFooterView.swift */; };
		2090AE0A23753074008D1333 /* CurtainView.swift in Sources */ = {isa = PBXBuildFile; fileRef = 2090ADDC23753074008D1333 /* CurtainView.swift */; };
		2090AE0B23753074008D1333 /* PageLoaderErrorView.swift in Sources */ = {isa = PBXBuildFile; fileRef = 2090ADDD23753074008D1333 /* PageLoaderErrorView.swift */; };
		2090AE0C23753074008D1333 /* TableFooterContainerView.swift in Sources */ = {isa = PBXBuildFile; fileRef = 2090ADDE23753074008D1333 /* TableFooterContainerView.swift */; };
		2090AE0D23753074008D1333 /* ToolBarView.swift in Sources */ = {isa = PBXBuildFile; fileRef = 2090ADDF23753074008D1333 /* ToolBarView.swift */; };
		2090AE0E23753074008D1333 /* ToolBarNotificationView.swift in Sources */ = {isa = PBXBuildFile; fileRef = 2090ADE023753074008D1333 /* ToolBarNotificationView.swift */; };
		2090AE0F23753074008D1333 /* LoadingView.swift in Sources */ = {isa = PBXBuildFile; fileRef = 2090ADE123753074008D1333 /* LoadingView.swift */; };
		2090AE1023753074008D1333 /* TableFooterProtocol.swift in Sources */ = {isa = PBXBuildFile; fileRef = 2090ADE323753074008D1333 /* TableFooterProtocol.swift */; };
		2090AE1123753074008D1333 /* TableVCProtocol.swift in Sources */ = {isa = PBXBuildFile; fileRef = 2090ADE423753074008D1333 /* TableVCProtocol.swift */; };
		2090AE1223753074008D1333 /* TableToolbarProtocols.swift in Sources */ = {isa = PBXBuildFile; fileRef = 2090ADE523753074008D1333 /* TableToolbarProtocols.swift */; };
		2090AE1323753074008D1333 /* TableViewModel.swift in Sources */ = {isa = PBXBuildFile; fileRef = 2090ADE623753074008D1333 /* TableViewModel.swift */; };
		2090AE1423753074008D1333 /* DataSource.swift in Sources */ = {isa = PBXBuildFile; fileRef = 2090ADE723753074008D1333 /* DataSource.swift */; };
		2090AE1523753074008D1333 /* DHUITextView+Extension.swift in Sources */ = {isa = PBXBuildFile; fileRef = 2090ADE923753074008D1333 /* DHUITextView+Extension.swift */; };
		2090AE1623753074008D1333 /* DHUILabel+Extension.swift in Sources */ = {isa = PBXBuildFile; fileRef = 2090ADEA23753074008D1333 /* DHUILabel+Extension.swift */; };
		2090AE1723753074008D1333 /* DHUIColor+Extension.swift in Sources */ = {isa = PBXBuildFile; fileRef = 2090ADEB23753074008D1333 /* DHUIColor+Extension.swift */; };
		2090AE1823753074008D1333 /* DHUIImage+Extension.swift in Sources */ = {isa = PBXBuildFile; fileRef = 2090ADEC23753074008D1333 /* DHUIImage+Extension.swift */; };
		2090AE1923753074008D1333 /* DHView+Extension.swift in Sources */ = {isa = PBXBuildFile; fileRef = 2090ADED23753074008D1333 /* DHView+Extension.swift */; };
		2090AE1A23753074008D1333 /* DHString+Extension.swift in Sources */ = {isa = PBXBuildFile; fileRef = 2090ADEE23753074008D1333 /* DHString+Extension.swift */; };
		2090AE1B23753074008D1333 /* DHDouble+Extension.swift in Sources */ = {isa = PBXBuildFile; fileRef = 2090ADEF23753074008D1333 /* DHDouble+Extension.swift */; };
		2090AE1C23753074008D1333 /* DHDate+Extension.swift in Sources */ = {isa = PBXBuildFile; fileRef = 2090ADF023753074008D1333 /* DHDate+Extension.swift */; };
		2090AE1D23753074008D1333 /* DHSegment+Extension.swift in Sources */ = {isa = PBXBuildFile; fileRef = 2090ADF123753074008D1333 /* DHSegment+Extension.swift */; };
		2090AE1E23753074008D1333 /* DHUIBarButtonItem+Extension.swift in Sources */ = {isa = PBXBuildFile; fileRef = 2090ADF223753074008D1333 /* DHUIBarButtonItem+Extension.swift */; };
		2090AE1F23753074008D1333 /* DHThread+Extension.swift in Sources */ = {isa = PBXBuildFile; fileRef = 2090ADF323753074008D1333 /* DHThread+Extension.swift */; };
		508BF435515508BD0A9D67D2 /* Pods_DevHelper.framework in Frameworks */ = {isa = PBXBuildFile; fileRef = 366CE5BADC64F8D4DB4D1C6F /* Pods_DevHelper.framework */; };
		6F30F8D8B5F7B1B176F7A615 /* Pods_DevHelperTests.framework in Frameworks */ = {isa = PBXBuildFile; fileRef = AD25EA29E92FED5D28280C52 /* Pods_DevHelperTests.framework */; };
/* End PBXBuildFile section */

/* Begin PBXContainerItemProxy section */
		205E4ECC21F8E94E00ABB0D8 /* PBXContainerItemProxy */ = {
			isa = PBXContainerItemProxy;
			containerPortal = 205E4EB821F8E94E00ABB0D8 /* Project object */;
			proxyType = 1;
			remoteGlobalIDString = 205E4EC021F8E94E00ABB0D8;
			remoteInfo = DevHelper;
		};
/* End PBXContainerItemProxy section */

/* Begin PBXFileReference section */
		205E4EC121F8E94E00ABB0D8 /* DevHelper.framework */ = {isa = PBXFileReference; explicitFileType = wrapper.framework; includeInIndex = 0; path = DevHelper.framework; sourceTree = BUILT_PRODUCTS_DIR; };
		205E4ECA21F8E94E00ABB0D8 /* DevHelperTests.xctest */ = {isa = PBXFileReference; explicitFileType = wrapper.cfbundle; includeInIndex = 0; path = DevHelperTests.xctest; sourceTree = BUILT_PRODUCTS_DIR; };
		205E4ECF21F8E94E00ABB0D8 /* DevHelperTests.swift */ = {isa = PBXFileReference; lastKnownFileType = sourcecode.swift; path = DevHelperTests.swift; sourceTree = "<group>"; };
		205E4ED121F8E94E00ABB0D8 /* Info.plist */ = {isa = PBXFileReference; lastKnownFileType = text.plist.xml; path = Info.plist; sourceTree = "<group>"; };
		205E4EFA21F901A500ABB0D8 /* DevHelper.podspec */ = {isa = PBXFileReference; fileEncoding = 4; lastKnownFileType = text; path = DevHelper.podspec; sourceTree = "<group>"; xcLanguageSpecificationIdentifier = xcode.lang.ruby; };
		205E4F1621F907AC00ABB0D8 /* SnapKit.framework */ = {isa = PBXFileReference; explicitFileType = wrapper.framework; path = SnapKit.framework; sourceTree = BUILT_PRODUCTS_DIR; };
		205E4F1821F907C000ABB0D8 /* Pods_Moon_Astrology.framework */ = {isa = PBXFileReference; explicitFileType = wrapper.framework; path = Pods_Moon_Astrology.framework; sourceTree = BUILT_PRODUCTS_DIR; };
		2090ADBE23753074008D1333 /* DHHeaderView.swift */ = {isa = PBXFileReference; fileEncoding = 4; lastKnownFileType = sourcecode.swift; path = DHHeaderView.swift; sourceTree = "<group>"; };
		2090ADBF23753074008D1333 /* DHLoginInputView.swift */ = {isa = PBXFileReference; fileEncoding = 4; lastKnownFileType = sourcecode.swift; path = DHLoginInputView.swift; sourceTree = "<group>"; };
		2090ADC023753074008D1333 /* DHUIBuilder.swift */ = {isa = PBXFileReference; fileEncoding = 4; lastKnownFileType = sourcecode.swift; path = DHUIBuilder.swift; sourceTree = "<group>"; };
		2090ADC123753074008D1333 /* DHCenteredCollectionView.swift */ = {isa = PBXFileReference; fileEncoding = 4; lastKnownFileType = sourcecode.swift; path = DHCenteredCollectionView.swift; sourceTree = "<group>"; };
		2090ADC223753074008D1333 /* DHIconLabelView.swift */ = {isa = PBXFileReference; fileEncoding = 4; lastKnownFileType = sourcecode.swift; path = DHIconLabelView.swift; sourceTree = "<group>"; };
		2090ADC323753074008D1333 /* DHGradientView.swift */ = {isa = PBXFileReference; fileEncoding = 4; lastKnownFileType = sourcecode.swift; path = DHGradientView.swift; sourceTree = "<group>"; };
		2090ADC423753074008D1333 /* DevHelper.h */ = {isa = PBXFileReference; fileEncoding = 4; lastKnownFileType = sourcecode.c.h; name = DevHelper.h; path = Sources/DevHelper/DevHelper.h; sourceTree = SOURCE_ROOT; };
		2090ADC523753074008D1333 /* Info.plist */ = {isa = PBXFileReference; lastKnownFileType = text.plist; name = Info.plist; path = Sources/DevHelper/Info.plist; sourceTree = SOURCE_ROOT; };
		2090ADC723753074008D1333 /* ImageProvider.swift */ = {isa = PBXFileReference; fileEncoding = 4; lastKnownFileType = sourcecode.swift; path = ImageProvider.swift; sourceTree = "<group>"; };
		2090ADC923753074008D1333 /* PlainModelSection.swift */ = {isa = PBXFileReference; fileEncoding = 4; lastKnownFileType = sourcecode.swift; path = PlainModelSection.swift; sourceTree = "<group>"; };
		2090ADCA23753074008D1333 /* PlainDataSource.swift */ = {isa = PBXFileReference; fileEncoding = 4; lastKnownFileType = sourcecode.swift; path = PlainDataSource.swift; sourceTree = "<group>"; };
		2090ADCB23753074008D1333 /* SearchBarView.swift */ = {isa = PBXFileReference; fileEncoding = 4; lastKnownFileType = sourcecode.swift; path = SearchBarView.swift; sourceTree = "<group>"; };
		2090ADCD23753074008D1333 /* DailyModelSection.swift */ = {isa = PBXFileReference; fileEncoding = 4; lastKnownFileType = sourcecode.swift; path = DailyModelSection.swift; sourceTree = "<group>"; };
		2090ADCE23753074008D1333 /* DailyDataSource.swift */ = {isa = PBXFileReference; fileEncoding = 4; lastKnownFileType = sourcecode.swift; path = DailyDataSource.swift; sourceTree = "<group>"; };
		2090ADCF23753074008D1333 /* TappableButton.swift */ = {isa = PBXFileReference; fileEncoding = 4; lastKnownFileType = sourcecode.swift; path = TappableButton.swift; sourceTree = "<group>"; };
		2090ADD223753074008D1333 /* TableControllerStates.swift */ = {isa = PBXFileReference; fileEncoding = 4; lastKnownFileType = sourcecode.swift; path = TableControllerStates.swift; sourceTree = "<group>"; };
		2090ADD323753074008D1333 /* FilterToolBarStruct.swift */ = {isa = PBXFileReference; fileEncoding = 4; lastKnownFileType = sourcecode.swift; path = FilterToolBarStruct.swift; sourceTree = "<group>"; };
		2090ADD423753074008D1333 /* FilterNotificationStruct.swift */ = {isa = PBXFileReference; fileEncoding = 4; lastKnownFileType = sourcecode.swift; path = FilterNotificationStruct.swift; sourceTree = "<group>"; };
		2090ADD523753074008D1333 /* TableConfiguration.swift */ = {isa = PBXFileReference; fileEncoding = 4; lastKnownFileType = sourcecode.swift; path = TableConfiguration.swift; sourceTree = "<group>"; };
		2090ADD623753074008D1333 /* TableViewOptionsStruct.swift */ = {isa = PBXFileReference; fileEncoding = 4; lastKnownFileType = sourcecode.swift; path = TableViewOptionsStruct.swift; sourceTree = "<group>"; };
		2090ADD823753074008D1333 /* TableController.swift */ = {isa = PBXFileReference; fileEncoding = 4; lastKnownFileType = sourcecode.swift; path = TableController.swift; sourceTree = "<group>"; };
		2090ADDA23753074008D1333 /* BaseFooterView.swift */ = {isa = PBXFileReference; fileEncoding = 4; lastKnownFileType = sourcecode.swift; path = BaseFooterView.swift; sourceTree = "<group>"; };
		2090ADDC23753074008D1333 /* CurtainView.swift */ = {isa = PBXFileReference; fileEncoding = 4; lastKnownFileType = sourcecode.swift; path = CurtainView.swift; sourceTree = "<group>"; };
		2090ADDD23753074008D1333 /* PageLoaderErrorView.swift */ = {isa = PBXFileReference; fileEncoding = 4; lastKnownFileType = sourcecode.swift; path = PageLoaderErrorView.swift; sourceTree = "<group>"; };
		2090ADDE23753074008D1333 /* TableFooterContainerView.swift */ = {isa = PBXFileReference; fileEncoding = 4; lastKnownFileType = sourcecode.swift; path = TableFooterContainerView.swift; sourceTree = "<group>"; };
		2090ADDF23753074008D1333 /* ToolBarView.swift */ = {isa = PBXFileReference; fileEncoding = 4; lastKnownFileType = sourcecode.swift; path = ToolBarView.swift; sourceTree = "<group>"; };
		2090ADE023753074008D1333 /* ToolBarNotificationView.swift */ = {isa = PBXFileReference; fileEncoding = 4; lastKnownFileType = sourcecode.swift; path = ToolBarNotificationView.swift; sourceTree = "<group>"; };
		2090ADE123753074008D1333 /* LoadingView.swift */ = {isa = PBXFileReference; fileEncoding = 4; lastKnownFileType = sourcecode.swift; path = LoadingView.swift; sourceTree = "<group>"; };
		2090ADE323753074008D1333 /* TableFooterProtocol.swift */ = {isa = PBXFileReference; fileEncoding = 4; lastKnownFileType = sourcecode.swift; path = TableFooterProtocol.swift; sourceTree = "<group>"; };
		2090ADE423753074008D1333 /* TableVCProtocol.swift */ = {isa = PBXFileReference; fileEncoding = 4; lastKnownFileType = sourcecode.swift; path = TableVCProtocol.swift; sourceTree = "<group>"; };
		2090ADE523753074008D1333 /* TableToolbarProtocols.swift */ = {isa = PBXFileReference; fileEncoding = 4; lastKnownFileType = sourcecode.swift; path = TableToolbarProtocols.swift; sourceTree = "<group>"; };
		2090ADE623753074008D1333 /* TableViewModel.swift */ = {isa = PBXFileReference; fileEncoding = 4; lastKnownFileType = sourcecode.swift; path = TableViewModel.swift; sourceTree = "<group>"; };
		2090ADE723753074008D1333 /* DataSource.swift */ = {isa = PBXFileReference; fileEncoding = 4; lastKnownFileType = sourcecode.swift; path = DataSource.swift; sourceTree = "<group>"; };
		2090ADE923753074008D1333 /* DHUITextView+Extension.swift */ = {isa = PBXFileReference; fileEncoding = 4; lastKnownFileType = sourcecode.swift; path = "DHUITextView+Extension.swift"; sourceTree = "<group>"; };
		2090ADEA23753074008D1333 /* DHUILabel+Extension.swift */ = {isa = PBXFileReference; fileEncoding = 4; lastKnownFileType = sourcecode.swift; path = "DHUILabel+Extension.swift"; sourceTree = "<group>"; };
		2090ADEB23753074008D1333 /* DHUIColor+Extension.swift */ = {isa = PBXFileReference; fileEncoding = 4; lastKnownFileType = sourcecode.swift; path = "DHUIColor+Extension.swift"; sourceTree = "<group>"; };
		2090ADEC23753074008D1333 /* DHUIImage+Extension.swift */ = {isa = PBXFileReference; fileEncoding = 4; lastKnownFileType = sourcecode.swift; path = "DHUIImage+Extension.swift"; sourceTree = "<group>"; };
		2090ADED23753074008D1333 /* DHView+Extension.swift */ = {isa = PBXFileReference; fileEncoding = 4; lastKnownFileType = sourcecode.swift; path = "DHView+Extension.swift"; sourceTree = "<group>"; };
		2090ADEE23753074008D1333 /* DHString+Extension.swift */ = {isa = PBXFileReference; fileEncoding = 4; lastKnownFileType = sourcecode.swift; path = "DHString+Extension.swift"; sourceTree = "<group>"; };
		2090ADEF23753074008D1333 /* DHDouble+Extension.swift */ = {isa = PBXFileReference; fileEncoding = 4; lastKnownFileType = sourcecode.swift; path = "DHDouble+Extension.swift"; sourceTree = "<group>"; };
		2090ADF023753074008D1333 /* DHDate+Extension.swift */ = {isa = PBXFileReference; fileEncoding = 4; lastKnownFileType = sourcecode.swift; path = "DHDate+Extension.swift"; sourceTree = "<group>"; };
		2090ADF123753074008D1333 /* DHSegment+Extension.swift */ = {isa = PBXFileReference; fileEncoding = 4; lastKnownFileType = sourcecode.swift; path = "DHSegment+Extension.swift"; sourceTree = "<group>"; };
		2090ADF223753074008D1333 /* DHUIBarButtonItem+Extension.swift */ = {isa = PBXFileReference; fileEncoding = 4; lastKnownFileType = sourcecode.swift; path = "DHUIBarButtonItem+Extension.swift"; sourceTree = "<group>"; };
		2090ADF323753074008D1333 /* DHThread+Extension.swift */ = {isa = PBXFileReference; fileEncoding = 4; lastKnownFileType = sourcecode.swift; path = "DHThread+Extension.swift"; sourceTree = "<group>"; };
		366CE5BADC64F8D4DB4D1C6F /* Pods_DevHelper.framework */ = {isa = PBXFileReference; explicitFileType = wrapper.framework; includeInIndex = 0; path = Pods_DevHelper.framework; sourceTree = BUILT_PRODUCTS_DIR; };
		36B88F72BC41FF0FD9958AD7 /* Pods-DevHelper.debug.xcconfig */ = {isa = PBXFileReference; includeInIndex = 1; lastKnownFileType = text.xcconfig; name = "Pods-DevHelper.debug.xcconfig"; path = "Target Support Files/Pods-DevHelper/Pods-DevHelper.debug.xcconfig"; sourceTree = "<group>"; };
		67F6621AD28214690B8E7254 /* Pods-DevHelperTests.debug.xcconfig */ = {isa = PBXFileReference; includeInIndex = 1; lastKnownFileType = text.xcconfig; name = "Pods-DevHelperTests.debug.xcconfig"; path = "Target Support Files/Pods-DevHelperTests/Pods-DevHelperTests.debug.xcconfig"; sourceTree = "<group>"; };
		856A6D7FE9B570987AD06186 /* Pods-DevHelper.release.xcconfig */ = {isa = PBXFileReference; includeInIndex = 1; lastKnownFileType = text.xcconfig; name = "Pods-DevHelper.release.xcconfig"; path = "Target Support Files/Pods-DevHelper/Pods-DevHelper.release.xcconfig"; sourceTree = "<group>"; };
		A78772F72F0417AC9C2A7A5C /* Pods-DevHelperTests.release.xcconfig */ = {isa = PBXFileReference; includeInIndex = 1; lastKnownFileType = text.xcconfig; name = "Pods-DevHelperTests.release.xcconfig"; path = "Target Support Files/Pods-DevHelperTests/Pods-DevHelperTests.release.xcconfig"; sourceTree = "<group>"; };
		AD25EA29E92FED5D28280C52 /* Pods_DevHelperTests.framework */ = {isa = PBXFileReference; explicitFileType = wrapper.framework; includeInIndex = 0; path = Pods_DevHelperTests.framework; sourceTree = BUILT_PRODUCTS_DIR; };
/* End PBXFileReference section */

/* Begin PBXFrameworksBuildPhase section */
		205E4EBE21F8E94E00ABB0D8 /* Frameworks */ = {
			isa = PBXFrameworksBuildPhase;
			buildActionMask = 2147483647;
			files = (
				508BF435515508BD0A9D67D2 /* Pods_DevHelper.framework in Frameworks */,
			);
			runOnlyForDeploymentPostprocessing = 0;
		};
		205E4EC721F8E94E00ABB0D8 /* Frameworks */ = {
			isa = PBXFrameworksBuildPhase;
			buildActionMask = 2147483647;
			files = (
				205E4ECB21F8E94E00ABB0D8 /* DevHelper.framework in Frameworks */,
				6F30F8D8B5F7B1B176F7A615 /* Pods_DevHelperTests.framework in Frameworks */,
			);
			runOnlyForDeploymentPostprocessing = 0;
		};
/* End PBXFrameworksBuildPhase section */

/* Begin PBXGroup section */
		205E4EB721F8E94E00ABB0D8 = {
			isa = PBXGroup;
			children = (
				205E4EC321F8E94E00ABB0D8 /* DevHelper */,
				205E4ECE21F8E94E00ABB0D8 /* DevHelperTests */,
				205E4EC221F8E94E00ABB0D8 /* Products */,
				205E4EFA21F901A500ABB0D8 /* DevHelper.podspec */,
				205E4F1521F907AC00ABB0D8 /* Frameworks */,
				236C1D1C4D2538206A5D0BD8 /* Pods */,
			);
			sourceTree = "<group>";
		};
		205E4EC221F8E94E00ABB0D8 /* Products */ = {
			isa = PBXGroup;
			children = (
				205E4EC121F8E94E00ABB0D8 /* DevHelper.framework */,
				205E4ECA21F8E94E00ABB0D8 /* DevHelperTests.xctest */,
			);
			name = Products;
			sourceTree = "<group>";
		};
		205E4EC321F8E94E00ABB0D8 /* DevHelper */ = {
			isa = PBXGroup;
			children = (
				2090ADC623753074008D1333 /* TableComponent */,
				2090ADE823753074008D1333 /* Extensions */,
				2090ADBD23753074008D1333 /* UI Layer */,
				2090ADC423753074008D1333 /* DevHelper.h */,
				2090ADC523753074008D1333 /* Info.plist */,
			);
			path = DevHelper;
			sourceTree = "<group>";
		};
		205E4ECE21F8E94E00ABB0D8 /* DevHelperTests */ = {
			isa = PBXGroup;
			children = (
				205E4ECF21F8E94E00ABB0D8 /* DevHelperTests.swift */,
				205E4ED121F8E94E00ABB0D8 /* Info.plist */,
			);
			path = DevHelperTests;
			sourceTree = "<group>";
		};
		205E4F1521F907AC00ABB0D8 /* Frameworks */ = {
			isa = PBXGroup;
			children = (
				205E4F1821F907C000ABB0D8 /* Pods_Moon_Astrology.framework */,
				205E4F1621F907AC00ABB0D8 /* SnapKit.framework */,
				366CE5BADC64F8D4DB4D1C6F /* Pods_DevHelper.framework */,
				AD25EA29E92FED5D28280C52 /* Pods_DevHelperTests.framework */,
			);
			name = Frameworks;
			sourceTree = "<group>";
		};
		2090ADBD23753074008D1333 /* UI Layer */ = {
			isa = PBXGroup;
			children = (
				2090ADBE23753074008D1333 /* DHHeaderView.swift */,
				2090ADBF23753074008D1333 /* DHLoginInputView.swift */,
				2090ADC023753074008D1333 /* DHUIBuilder.swift */,
				2090ADC123753074008D1333 /* DHCenteredCollectionView.swift */,
				2090ADC223753074008D1333 /* DHIconLabelView.swift */,
				2090ADC323753074008D1333 /* DHGradientView.swift */,
			);
			name = "UI Layer";
			path = "Sources/DevHelper/UI Layer";
			sourceTree = SOURCE_ROOT;
		};
		2090ADC623753074008D1333 /* TableComponent */ = {
			isa = PBXGroup;
			children = (
				2090ADC723753074008D1333 /* ImageProvider.swift */,
				2090ADC823753074008D1333 /* Plain */,
				2090ADCC23753074008D1333 /* Daily */,
				2090ADD023753074008D1333 /* Table */,
				2090ADCB23753074008D1333 /* SearchBarView.swift */,
				2090ADCF23753074008D1333 /* TappableButton.swift */,
				2090ADE623753074008D1333 /* TableViewModel.swift */,
				2090ADE723753074008D1333 /* DataSource.swift */,
			);
			name = TableComponent;
			path = Sources/DevHelper/TableComponent;
			sourceTree = SOURCE_ROOT;
		};
		2090ADC823753074008D1333 /* Plain */ = {
			isa = PBXGroup;
			children = (
				2090ADC923753074008D1333 /* PlainModelSection.swift */,
				2090ADCA23753074008D1333 /* PlainDataSource.swift */,
			);
			path = Plain;
			sourceTree = "<group>";
		};
		2090ADCC23753074008D1333 /* Daily */ = {
			isa = PBXGroup;
			children = (
				2090ADCD23753074008D1333 /* DailyModelSection.swift */,
				2090ADCE23753074008D1333 /* DailyDataSource.swift */,
			);
			path = Daily;
			sourceTree = "<group>";
		};
		2090ADD023753074008D1333 /* Table */ = {
			isa = PBXGroup;
			children = (
				2090ADD123753074008D1333 /* Configuration */,
				2090ADD723753074008D1333 /* TableController */,
				2090ADD923753074008D1333 /* Views */,
				2090ADE223753074008D1333 /* Protocols */,
			);
			path = Table;
			sourceTree = "<group>";
		};
		2090ADD123753074008D1333 /* Configuration */ = {
			isa = PBXGroup;
			children = (
				2090ADD223753074008D1333 /* TableControllerStates.swift */,
				2090ADD323753074008D1333 /* FilterToolBarStruct.swift */,
				2090ADD423753074008D1333 /* FilterNotificationStruct.swift */,
				2090ADD523753074008D1333 /* TableConfiguration.swift */,
				2090ADD623753074008D1333 /* TableViewOptionsStruct.swift */,
			);
			path = Configuration;
			sourceTree = "<group>";
		};
		2090ADD723753074008D1333 /* TableController */ = {
			isa = PBXGroup;
			children = (
				2090ADD823753074008D1333 /* TableController.swift */,
			);
			path = TableController;
			sourceTree = "<group>";
		};
		2090ADD923753074008D1333 /* Views */ = {
			isa = PBXGroup;
			children = (
				2090ADDA23753074008D1333 /* BaseFooterView.swift */,
				2090ADDB23753074008D1333 /* SupportingViews */,
			);
			path = Views;
			sourceTree = "<group>";
		};
		2090ADDB23753074008D1333 /* SupportingViews */ = {
			isa = PBXGroup;
			children = (
				2090ADDC23753074008D1333 /* CurtainView.swift */,
				2090ADDD23753074008D1333 /* PageLoaderErrorView.swift */,
				2090ADDE23753074008D1333 /* TableFooterContainerView.swift */,
				2090ADDF23753074008D1333 /* ToolBarView.swift */,
				2090ADE023753074008D1333 /* ToolBarNotificationView.swift */,
				2090ADE123753074008D1333 /* LoadingView.swift */,
			);
			path = SupportingViews;
			sourceTree = "<group>";
		};
		2090ADE223753074008D1333 /* Protocols */ = {
			isa = PBXGroup;
			children = (
				2090ADE323753074008D1333 /* TableFooterProtocol.swift */,
				2090ADE423753074008D1333 /* TableVCProtocol.swift */,
				2090ADE523753074008D1333 /* TableToolbarProtocols.swift */,
			);
			path = Protocols;
			sourceTree = "<group>";
		};
		2090ADE823753074008D1333 /* Extensions */ = {
			isa = PBXGroup;
			children = (
				2090ADE923753074008D1333 /* DHUITextView+Extension.swift */,
				2090ADEA23753074008D1333 /* DHUILabel+Extension.swift */,
				2090ADEB23753074008D1333 /* DHUIColor+Extension.swift */,
				2090ADEC23753074008D1333 /* DHUIImage+Extension.swift */,
				2090ADED23753074008D1333 /* DHView+Extension.swift */,
				2090ADEE23753074008D1333 /* DHString+Extension.swift */,
				2090ADEF23753074008D1333 /* DHDouble+Extension.swift */,
				2090ADF023753074008D1333 /* DHDate+Extension.swift */,
				2090ADF123753074008D1333 /* DHSegment+Extension.swift */,
				2090ADF223753074008D1333 /* DHUIBarButtonItem+Extension.swift */,
				2090ADF323753074008D1333 /* DHThread+Extension.swift */,
			);
			name = Extensions;
			path = Sources/DevHelper/Extensions;
			sourceTree = SOURCE_ROOT;
		};
		236C1D1C4D2538206A5D0BD8 /* Pods */ = {
			isa = PBXGroup;
			children = (
				36B88F72BC41FF0FD9958AD7 /* Pods-DevHelper.debug.xcconfig */,
				856A6D7FE9B570987AD06186 /* Pods-DevHelper.release.xcconfig */,
				67F6621AD28214690B8E7254 /* Pods-DevHelperTests.debug.xcconfig */,
				A78772F72F0417AC9C2A7A5C /* Pods-DevHelperTests.release.xcconfig */,
			);
			path = Pods;
			sourceTree = "<group>";
		};
/* End PBXGroup section */

/* Begin PBXHeadersBuildPhase section */
		205E4EBC21F8E94E00ABB0D8 /* Headers */ = {
			isa = PBXHeadersBuildPhase;
			buildActionMask = 2147483647;
			files = (
				2090ADFA23753074008D1333 /* DevHelper.h in Headers */,
			);
			runOnlyForDeploymentPostprocessing = 0;
		};
/* End PBXHeadersBuildPhase section */

/* Begin PBXNativeTarget section */
		205E4EC021F8E94E00ABB0D8 /* DevHelper */ = {
			isa = PBXNativeTarget;
			buildConfigurationList = 205E4ED521F8E94E00ABB0D8 /* Build configuration list for PBXNativeTarget "DevHelper" */;
			buildPhases = (
				0EFA3D5658A25BD802BA6CC4 /* [CP] Check Pods Manifest.lock */,
				205E4EBC21F8E94E00ABB0D8 /* Headers */,
				205E4EBD21F8E94E00ABB0D8 /* Sources */,
				205E4EBE21F8E94E00ABB0D8 /* Frameworks */,
				205E4EBF21F8E94E00ABB0D8 /* Resources */,
			);
			buildRules = (
			);
			dependencies = (
			);
			name = DevHelper;
			productName = DevHelper;
			productReference = 205E4EC121F8E94E00ABB0D8 /* DevHelper.framework */;
			productType = "com.apple.product-type.framework";
		};
		205E4EC921F8E94E00ABB0D8 /* DevHelperTests */ = {
			isa = PBXNativeTarget;
			buildConfigurationList = 205E4ED821F8E94E00ABB0D8 /* Build configuration list for PBXNativeTarget "DevHelperTests" */;
			buildPhases = (
				4C4A31D8434447FD6DB63F46 /* [CP] Check Pods Manifest.lock */,
				205E4EC621F8E94E00ABB0D8 /* Sources */,
				205E4EC721F8E94E00ABB0D8 /* Frameworks */,
				205E4EC821F8E94E00ABB0D8 /* Resources */,
			);
			buildRules = (
			);
			dependencies = (
				205E4ECD21F8E94E00ABB0D8 /* PBXTargetDependency */,
			);
			name = DevHelperTests;
			productName = DevHelperTests;
			productReference = 205E4ECA21F8E94E00ABB0D8 /* DevHelperTests.xctest */;
			productType = "com.apple.product-type.bundle.unit-test";
		};
/* End PBXNativeTarget section */

/* Begin PBXProject section */
		205E4EB821F8E94E00ABB0D8 /* Project object */ = {
			isa = PBXProject;
			attributes = {
				LastSwiftUpdateCheck = 1010;
				LastUpgradeCheck = 1010;
				ORGANIZATIONNAME = "Emil Karimov";
				TargetAttributes = {
					205E4EC021F8E94E00ABB0D8 = {
						CreatedOnToolsVersion = 10.1;
						DevelopmentTeam = V93MRMNEKV;
						LastSwiftMigration = 1010;
						ProvisioningStyle = Automatic;
					};
					205E4EC921F8E94E00ABB0D8 = {
						CreatedOnToolsVersion = 10.1;
						DevelopmentTeam = V93MRMNEKV;
						ProvisioningStyle = Automatic;
					};
				};
			};
			buildConfigurationList = 205E4EBB21F8E94E00ABB0D8 /* Build configuration list for PBXProject "DevHelper" */;
			compatibilityVersion = "Xcode 3.2";
			developmentRegion = en;
			hasScannedForEncodings = 0;
			knownRegions = (
				en,
			);
			mainGroup = 205E4EB721F8E94E00ABB0D8;
			productRefGroup = 205E4EC221F8E94E00ABB0D8 /* Products */;
			projectDirPath = "";
			projectRoot = "";
			targets = (
				205E4EC021F8E94E00ABB0D8 /* DevHelper */,
				205E4EC921F8E94E00ABB0D8 /* DevHelperTests */,
			);
		};
/* End PBXProject section */

/* Begin PBXResourcesBuildPhase section */
		205E4EBF21F8E94E00ABB0D8 /* Resources */ = {
			isa = PBXResourcesBuildPhase;
			buildActionMask = 2147483647;
			files = (
				2090ADFB23753074008D1333 /* Info.plist in Resources */,
				205E4EFB21F901A500ABB0D8 /* DevHelper.podspec in Resources */,
			);
			runOnlyForDeploymentPostprocessing = 0;
		};
		205E4EC821F8E94E00ABB0D8 /* Resources */ = {
			isa = PBXResourcesBuildPhase;
			buildActionMask = 2147483647;
			files = (
			);
			runOnlyForDeploymentPostprocessing = 0;
		};
/* End PBXResourcesBuildPhase section */

/* Begin PBXShellScriptBuildPhase section */
		0EFA3D5658A25BD802BA6CC4 /* [CP] Check Pods Manifest.lock */ = {
			isa = PBXShellScriptBuildPhase;
			buildActionMask = 2147483647;
			files = (
			);
			inputFileListPaths = (
			);
			inputPaths = (
				"${PODS_PODFILE_DIR_PATH}/Podfile.lock",
				"${PODS_ROOT}/Manifest.lock",
			);
			name = "[CP] Check Pods Manifest.lock";
			outputFileListPaths = (
			);
			outputPaths = (
				"$(DERIVED_FILE_DIR)/Pods-DevHelper-checkManifestLockResult.txt",
			);
			runOnlyForDeploymentPostprocessing = 0;
			shellPath = /bin/sh;
			shellScript = "diff \"${PODS_PODFILE_DIR_PATH}/Podfile.lock\" \"${PODS_ROOT}/Manifest.lock\" > /dev/null\nif [ $? != 0 ] ; then\n    # print error to STDERR\n    echo \"error: The sandbox is not in sync with the Podfile.lock. Run 'pod install' or update your CocoaPods installation.\" >&2\n    exit 1\nfi\n# This output is used by Xcode 'outputs' to avoid re-running this script phase.\necho \"SUCCESS\" > \"${SCRIPT_OUTPUT_FILE_0}\"\n";
			showEnvVarsInLog = 0;
		};
		4C4A31D8434447FD6DB63F46 /* [CP] Check Pods Manifest.lock */ = {
			isa = PBXShellScriptBuildPhase;
			buildActionMask = 2147483647;
			files = (
			);
			inputFileListPaths = (
			);
			inputPaths = (
				"${PODS_PODFILE_DIR_PATH}/Podfile.lock",
				"${PODS_ROOT}/Manifest.lock",
			);
			name = "[CP] Check Pods Manifest.lock";
			outputFileListPaths = (
			);
			outputPaths = (
				"$(DERIVED_FILE_DIR)/Pods-DevHelperTests-checkManifestLockResult.txt",
			);
			runOnlyForDeploymentPostprocessing = 0;
			shellPath = /bin/sh;
			shellScript = "diff \"${PODS_PODFILE_DIR_PATH}/Podfile.lock\" \"${PODS_ROOT}/Manifest.lock\" > /dev/null\nif [ $? != 0 ] ; then\n    # print error to STDERR\n    echo \"error: The sandbox is not in sync with the Podfile.lock. Run 'pod install' or update your CocoaPods installation.\" >&2\n    exit 1\nfi\n# This output is used by Xcode 'outputs' to avoid re-running this script phase.\necho \"SUCCESS\" > \"${SCRIPT_OUTPUT_FILE_0}\"\n";
			showEnvVarsInLog = 0;
		};
/* End PBXShellScriptBuildPhase section */

/* Begin PBXSourcesBuildPhase section */
		205E4EBD21F8E94E00ABB0D8 /* Sources */ = {
			isa = PBXSourcesBuildPhase;
			buildActionMask = 2147483647;
			files = (
				2090AE0923753074008D1333 /* BaseFooterView.swift in Sources */,
				2090AE1F23753074008D1333 /* DHThread+Extension.swift in Sources */,
				2090AE0B23753074008D1333 /* PageLoaderErrorView.swift in Sources */,
				2090ADFF23753074008D1333 /* SearchBarView.swift in Sources */,
				2090AE0823753074008D1333 /* TableController.swift in Sources */,
				2090ADF623753074008D1333 /* DHUIBuilder.swift in Sources */,
				2090ADF423753074008D1333 /* DHHeaderView.swift in Sources */,
				2090AE1423753074008D1333 /* DataSource.swift in Sources */,
				2090AE0723753074008D1333 /* TableViewOptionsStruct.swift in Sources */,
				2090AE1623753074008D1333 /* DHUILabel+Extension.swift in Sources */,
				2090ADF823753074008D1333 /* DHIconLabelView.swift in Sources */,
				2090AE1523753074008D1333 /* DHUITextView+Extension.swift in Sources */,
				2090ADF723753074008D1333 /* DHCenteredCollectionView.swift in Sources */,
				2090ADFD23753074008D1333 /* PlainModelSection.swift in Sources */,
				2090AE0123753074008D1333 /* DailyDataSource.swift in Sources */,
				2090AE0F23753074008D1333 /* LoadingView.swift in Sources */,
				2090AE0623753074008D1333 /* TableConfiguration.swift in Sources */,
				2090AE0223753074008D1333 /* TappableButton.swift in Sources */,
				2090ADF923753074008D1333 /* DHGradientView.swift in Sources */,
				2090AE1223753074008D1333 /* TableToolbarProtocols.swift in Sources */,
				2090AE0023753074008D1333 /* DailyModelSection.swift in Sources */,
				2090ADFC23753074008D1333 /* ImageProvider.swift in Sources */,
				2090AE0A23753074008D1333 /* CurtainView.swift in Sources */,
				2090AE1C23753074008D1333 /* DHDate+Extension.swift in Sources */,
				2090AE0523753074008D1333 /* FilterNotificationStruct.swift in Sources */,
				2090AE0D23753074008D1333 /* ToolBarView.swift in Sources */,
				2090AE1923753074008D1333 /* DHView+Extension.swift in Sources */,
				2090AE1323753074008D1333 /* TableViewModel.swift in Sources */,
				2090AE1B23753074008D1333 /* DHDouble+Extension.swift in Sources */,
				2090AE1023753074008D1333 /* TableFooterProtocol.swift in Sources */,
				2090ADFE23753074008D1333 /* PlainDataSource.swift in Sources */,
				2090AE1E23753074008D1333 /* DHUIBarButtonItem+Extension.swift in Sources */,
				2090AE0323753074008D1333 /* TableControllerStates.swift in Sources */,
				2090ADF523753074008D1333 /* DHLoginInputView.swift in Sources */,
				2090AE1823753074008D1333 /* DHUIImage+Extension.swift in Sources */,
				2090AE0C23753074008D1333 /* TableFooterContainerView.swift in Sources */,
				2090AE0423753074008D1333 /* FilterToolBarStruct.swift in Sources */,
				2090AE1D23753074008D1333 /* DHSegment+Extension.swift in Sources */,
				2090AE1A23753074008D1333 /* DHString+Extension.swift in Sources */,
				2090AE0E23753074008D1333 /* ToolBarNotificationView.swift in Sources */,
				2090AE1123753074008D1333 /* TableVCProtocol.swift in Sources */,
				2090AE1723753074008D1333 /* DHUIColor+Extension.swift in Sources */,
			);
			runOnlyForDeploymentPostprocessing = 0;
		};
		205E4EC621F8E94E00ABB0D8 /* Sources */ = {
			isa = PBXSourcesBuildPhase;
			buildActionMask = 2147483647;
			files = (
				205E4ED021F8E94E00ABB0D8 /* DevHelperTests.swift in Sources */,
			);
			runOnlyForDeploymentPostprocessing = 0;
		};
/* End PBXSourcesBuildPhase section */

/* Begin PBXTargetDependency section */
		205E4ECD21F8E94E00ABB0D8 /* PBXTargetDependency */ = {
			isa = PBXTargetDependency;
			target = 205E4EC021F8E94E00ABB0D8 /* DevHelper */;
			targetProxy = 205E4ECC21F8E94E00ABB0D8 /* PBXContainerItemProxy */;
		};
/* End PBXTargetDependency section */

/* Begin XCBuildConfiguration section */
		205E4ED321F8E94E00ABB0D8 /* Debug */ = {
			isa = XCBuildConfiguration;
			buildSettings = {
				ALWAYS_SEARCH_USER_PATHS = NO;
				CLANG_ANALYZER_NONNULL = YES;
				CLANG_ANALYZER_NUMBER_OBJECT_CONVERSION = YES_AGGRESSIVE;
				CLANG_CXX_LANGUAGE_STANDARD = "gnu++14";
				CLANG_CXX_LIBRARY = "libc++";
				CLANG_ENABLE_MODULES = YES;
				CLANG_ENABLE_OBJC_ARC = YES;
				CLANG_ENABLE_OBJC_WEAK = YES;
				CLANG_WARN_BLOCK_CAPTURE_AUTORELEASING = YES;
				CLANG_WARN_BOOL_CONVERSION = YES;
				CLANG_WARN_COMMA = YES;
				CLANG_WARN_CONSTANT_CONVERSION = YES;
				CLANG_WARN_DEPRECATED_OBJC_IMPLEMENTATIONS = YES;
				CLANG_WARN_DIRECT_OBJC_ISA_USAGE = YES_ERROR;
				CLANG_WARN_DOCUMENTATION_COMMENTS = YES;
				CLANG_WARN_EMPTY_BODY = YES;
				CLANG_WARN_ENUM_CONVERSION = YES;
				CLANG_WARN_INFINITE_RECURSION = YES;
				CLANG_WARN_INT_CONVERSION = YES;
				CLANG_WARN_NON_LITERAL_NULL_CONVERSION = YES;
				CLANG_WARN_OBJC_IMPLICIT_RETAIN_SELF = YES;
				CLANG_WARN_OBJC_LITERAL_CONVERSION = YES;
				CLANG_WARN_OBJC_ROOT_CLASS = YES_ERROR;
				CLANG_WARN_RANGE_LOOP_ANALYSIS = YES;
				CLANG_WARN_STRICT_PROTOTYPES = YES;
				CLANG_WARN_SUSPICIOUS_MOVE = YES;
				CLANG_WARN_UNGUARDED_AVAILABILITY = YES_AGGRESSIVE;
				CLANG_WARN_UNREACHABLE_CODE = YES;
				CLANG_WARN__DUPLICATE_METHOD_MATCH = YES;
				CODE_SIGN_IDENTITY = "iPhone Developer";
				COPY_PHASE_STRIP = NO;
				CURRENT_PROJECT_VERSION = 1;
				DEBUG_INFORMATION_FORMAT = dwarf;
				ENABLE_STRICT_OBJC_MSGSEND = YES;
				ENABLE_TESTABILITY = YES;
				GCC_C_LANGUAGE_STANDARD = gnu11;
				GCC_DYNAMIC_NO_PIC = NO;
				GCC_NO_COMMON_BLOCKS = YES;
				GCC_OPTIMIZATION_LEVEL = 0;
				GCC_PREPROCESSOR_DEFINITIONS = (
					"DEBUG=1",
					"$(inherited)",
				);
				GCC_WARN_64_TO_32_BIT_CONVERSION = YES;
				GCC_WARN_ABOUT_RETURN_TYPE = YES_ERROR;
				GCC_WARN_UNDECLARED_SELECTOR = YES;
				GCC_WARN_UNINITIALIZED_AUTOS = YES_AGGRESSIVE;
				GCC_WARN_UNUSED_FUNCTION = YES;
				GCC_WARN_UNUSED_VARIABLE = YES;
				IPHONEOS_DEPLOYMENT_TARGET = 11.0;
				MTL_ENABLE_DEBUG_INFO = INCLUDE_SOURCE;
				MTL_FAST_MATH = YES;
				ONLY_ACTIVE_ARCH = YES;
				SDKROOT = iphoneos;
				SWIFT_ACTIVE_COMPILATION_CONDITIONS = DEBUG;
				SWIFT_OPTIMIZATION_LEVEL = "-Onone";
				VERSIONING_SYSTEM = "apple-generic";
				VERSION_INFO_PREFIX = "";
			};
			name = Debug;
		};
		205E4ED421F8E94E00ABB0D8 /* Release */ = {
			isa = XCBuildConfiguration;
			buildSettings = {
				ALWAYS_SEARCH_USER_PATHS = NO;
				CLANG_ANALYZER_NONNULL = YES;
				CLANG_ANALYZER_NUMBER_OBJECT_CONVERSION = YES_AGGRESSIVE;
				CLANG_CXX_LANGUAGE_STANDARD = "gnu++14";
				CLANG_CXX_LIBRARY = "libc++";
				CLANG_ENABLE_MODULES = YES;
				CLANG_ENABLE_OBJC_ARC = YES;
				CLANG_ENABLE_OBJC_WEAK = YES;
				CLANG_WARN_BLOCK_CAPTURE_AUTORELEASING = YES;
				CLANG_WARN_BOOL_CONVERSION = YES;
				CLANG_WARN_COMMA = YES;
				CLANG_WARN_CONSTANT_CONVERSION = YES;
				CLANG_WARN_DEPRECATED_OBJC_IMPLEMENTATIONS = YES;
				CLANG_WARN_DIRECT_OBJC_ISA_USAGE = YES_ERROR;
				CLANG_WARN_DOCUMENTATION_COMMENTS = YES;
				CLANG_WARN_EMPTY_BODY = YES;
				CLANG_WARN_ENUM_CONVERSION = YES;
				CLANG_WARN_INFINITE_RECURSION = YES;
				CLANG_WARN_INT_CONVERSION = YES;
				CLANG_WARN_NON_LITERAL_NULL_CONVERSION = YES;
				CLANG_WARN_OBJC_IMPLICIT_RETAIN_SELF = YES;
				CLANG_WARN_OBJC_LITERAL_CONVERSION = YES;
				CLANG_WARN_OBJC_ROOT_CLASS = YES_ERROR;
				CLANG_WARN_RANGE_LOOP_ANALYSIS = YES;
				CLANG_WARN_STRICT_PROTOTYPES = YES;
				CLANG_WARN_SUSPICIOUS_MOVE = YES;
				CLANG_WARN_UNGUARDED_AVAILABILITY = YES_AGGRESSIVE;
				CLANG_WARN_UNREACHABLE_CODE = YES;
				CLANG_WARN__DUPLICATE_METHOD_MATCH = YES;
				CODE_SIGN_IDENTITY = "iPhone Developer";
				COPY_PHASE_STRIP = NO;
				CURRENT_PROJECT_VERSION = 1;
				DEBUG_INFORMATION_FORMAT = "dwarf-with-dsym";
				ENABLE_NS_ASSERTIONS = NO;
				ENABLE_STRICT_OBJC_MSGSEND = YES;
				GCC_C_LANGUAGE_STANDARD = gnu11;
				GCC_NO_COMMON_BLOCKS = YES;
				GCC_WARN_64_TO_32_BIT_CONVERSION = YES;
				GCC_WARN_ABOUT_RETURN_TYPE = YES_ERROR;
				GCC_WARN_UNDECLARED_SELECTOR = YES;
				GCC_WARN_UNINITIALIZED_AUTOS = YES_AGGRESSIVE;
				GCC_WARN_UNUSED_FUNCTION = YES;
				GCC_WARN_UNUSED_VARIABLE = YES;
				IPHONEOS_DEPLOYMENT_TARGET = 11.0;
				MTL_ENABLE_DEBUG_INFO = NO;
				MTL_FAST_MATH = YES;
				SDKROOT = iphoneos;
				SWIFT_OPTIMIZATION_LEVEL = "-Owholemodule";
				VALIDATE_PRODUCT = YES;
				VERSIONING_SYSTEM = "apple-generic";
				VERSION_INFO_PREFIX = "";
			};
			name = Release;
		};
		205E4ED621F8E94E00ABB0D8 /* Debug */ = {
			isa = XCBuildConfiguration;
			baseConfigurationReference = 36B88F72BC41FF0FD9958AD7 /* Pods-DevHelper.debug.xcconfig */;
			buildSettings = {
				CLANG_ENABLE_MODULES = YES;
				CODE_SIGN_IDENTITY = "";
				CODE_SIGN_STYLE = Automatic;
				DEFINES_MODULE = YES;
				DEVELOPMENT_TEAM = V93MRMNEKV;
				DYLIB_COMPATIBILITY_VERSION = 1;
				DYLIB_CURRENT_VERSION = 1;
				DYLIB_INSTALL_NAME_BASE = "@rpath";
				INFOPLIST_FILE = DevHelper/Info.plist;
				INSTALL_PATH = "$(LOCAL_LIBRARY_DIR)/Frameworks";
				LD_RUNPATH_SEARCH_PATHS = "$(inherited) @executable_path/Frameworks @loader_path/Frameworks";
				PRODUCT_BUNDLE_IDENTIFIER = "com.eskaria.dev-helper";
				PRODUCT_NAME = "$(TARGET_NAME:c99extidentifier)";
				SKIP_INSTALL = YES;
				SWIFT_OPTIMIZATION_LEVEL = "-Onone";
				SWIFT_VERSION = 4.2;
				TARGETED_DEVICE_FAMILY = "1,2";
			};
			name = Debug;
		};
		205E4ED721F8E94E00ABB0D8 /* Release */ = {
			isa = XCBuildConfiguration;
			baseConfigurationReference = 856A6D7FE9B570987AD06186 /* Pods-DevHelper.release.xcconfig */;
			buildSettings = {
				CLANG_ENABLE_MODULES = YES;
				CODE_SIGN_IDENTITY = "";
				CODE_SIGN_STYLE = Automatic;
				DEFINES_MODULE = YES;
				DEVELOPMENT_TEAM = V93MRMNEKV;
				DYLIB_COMPATIBILITY_VERSION = 1;
				DYLIB_CURRENT_VERSION = 1;
				DYLIB_INSTALL_NAME_BASE = "@rpath";
				INFOPLIST_FILE = DevHelper/Info.plist;
				INSTALL_PATH = "$(LOCAL_LIBRARY_DIR)/Frameworks";
				LD_RUNPATH_SEARCH_PATHS = "$(inherited) @executable_path/Frameworks @loader_path/Frameworks";
				PRODUCT_BUNDLE_IDENTIFIER = "com.eskaria.dev-helper";
				PRODUCT_NAME = "$(TARGET_NAME:c99extidentifier)";
				SKIP_INSTALL = YES;
				SWIFT_VERSION = 4.2;
				TARGETED_DEVICE_FAMILY = "1,2";
			};
			name = Release;
		};
		205E4ED921F8E94E00ABB0D8 /* Debug */ = {
			isa = XCBuildConfiguration;
			baseConfigurationReference = 67F6621AD28214690B8E7254 /* Pods-DevHelperTests.debug.xcconfig */;
			buildSettings = {
				ALWAYS_EMBED_SWIFT_STANDARD_LIBRARIES = YES;
				CODE_SIGN_STYLE = Automatic;
				DEVELOPMENT_TEAM = V93MRMNEKV;
				INFOPLIST_FILE = DevHelperTests/Info.plist;
				LD_RUNPATH_SEARCH_PATHS = "$(inherited) @executable_path/Frameworks @loader_path/Frameworks";
				PRODUCT_BUNDLE_IDENTIFIER = com.eskaria.DevHelperTests;
				PRODUCT_NAME = "$(TARGET_NAME)";
				SWIFT_VERSION = 4.2;
				TARGETED_DEVICE_FAMILY = "1,2";
			};
			name = Debug;
		};
		205E4EDA21F8E94E00ABB0D8 /* Release */ = {
			isa = XCBuildConfiguration;
			baseConfigurationReference = A78772F72F0417AC9C2A7A5C /* Pods-DevHelperTests.release.xcconfig */;
			buildSettings = {
				ALWAYS_EMBED_SWIFT_STANDARD_LIBRARIES = YES;
				CODE_SIGN_STYLE = Automatic;
				DEVELOPMENT_TEAM = V93MRMNEKV;
				INFOPLIST_FILE = DevHelperTests/Info.plist;
				LD_RUNPATH_SEARCH_PATHS = "$(inherited) @executable_path/Frameworks @loader_path/Frameworks";
				PRODUCT_BUNDLE_IDENTIFIER = com.eskaria.DevHelperTests;
				PRODUCT_NAME = "$(TARGET_NAME)";
				SWIFT_VERSION = 4.2;
				TARGETED_DEVICE_FAMILY = "1,2";
			};
			name = Release;
		};
/* End XCBuildConfiguration section */

/* Begin XCConfigurationList section */
		205E4EBB21F8E94E00ABB0D8 /* Build configuration list for PBXProject "DevHelper" */ = {
			isa = XCConfigurationList;
			buildConfigurations = (
				205E4ED321F8E94E00ABB0D8 /* Debug */,
				205E4ED421F8E94E00ABB0D8 /* Release */,
			);
			defaultConfigurationIsVisible = 0;
			defaultConfigurationName = Release;
		};
		205E4ED521F8E94E00ABB0D8 /* Build configuration list for PBXNativeTarget "DevHelper" */ = {
			isa = XCConfigurationList;
			buildConfigurations = (
				205E4ED621F8E94E00ABB0D8 /* Debug */,
				205E4ED721F8E94E00ABB0D8 /* Release */,
			);
			defaultConfigurationIsVisible = 0;
			defaultConfigurationName = Release;
		};
		205E4ED821F8E94E00ABB0D8 /* Build configuration list for PBXNativeTarget "DevHelperTests" */ = {
			isa = XCConfigurationList;
			buildConfigurations = (
				205E4ED921F8E94E00ABB0D8 /* Debug */,
				205E4EDA21F8E94E00ABB0D8 /* Release */,
			);
			defaultConfigurationIsVisible = 0;
			defaultConfigurationName = Release;
		};
/* End XCConfigurationList section */
	};
	rootObject = 205E4EB821F8E94E00ABB0D8 /* Project object */;
}
