// !$*UTF8*$!
{
	archiveVersion = 1;
	classes = {
	};
	objectVersion = 46;
	objects = {

/* Begin PBXBuildFile section */
		205E4ECB21F8E94E00ABB0D8 /* DevHelper.framework in Frameworks */ = {isa = PBXBuildFile; fileRef = 205E4EC121F8E94E00ABB0D8 /* DevHelper.framework */; };
		205E4ED021F8E94E00ABB0D8 /* DevHelperTests.swift in Sources */ = {isa = PBXBuildFile; fileRef = 205E4ECF21F8E94E00ABB0D8 /* DevHelperTests.swift */; };
		205E4ED221F8E94E00ABB0D8 /* DevHelper.h in Headers */ = {isa = PBXBuildFile; fileRef = 205E4EC421F8E94E00ABB0D8 /* DevHelper.h */; settings = {ATTRIBUTES = (Public, ); }; };
		205E4EFB21F901A500ABB0D8 /* DevHelper.podspec in Resources */ = {isa = PBXBuildFile; fileRef = 205E4EFA21F901A500ABB0D8 /* DevHelper.podspec */; };
		205E4F1921F907C000ABB0D8 /* Pods_Moon_Astrology.framework in Frameworks */ = {isa = PBXBuildFile; fileRef = 205E4F1821F907C000ABB0D8 /* Pods_Moon_Astrology.framework */; };
		20E543652249247C000BAA9C /* DHGradientView.swift in Sources */ = {isa = PBXBuildFile; fileRef = 20E543602249247C000BAA9C /* DHGradientView.swift */; };
		20E543662249247C000BAA9C /* DHHeaderView.swift in Sources */ = {isa = PBXBuildFile; fileRef = 20E543612249247C000BAA9C /* DHHeaderView.swift */; };
		20E543672249247C000BAA9C /* DHCenteredCollectionView.swift in Sources */ = {isa = PBXBuildFile; fileRef = 20E543622249247C000BAA9C /* DHCenteredCollectionView.swift */; };
		20E543682249247C000BAA9C /* DHUIBuilder.swift in Sources */ = {isa = PBXBuildFile; fileRef = 20E543632249247C000BAA9C /* DHUIBuilder.swift */; };
		20E543692249247C000BAA9C /* DHIconLabelView.swift in Sources */ = {isa = PBXBuildFile; fileRef = 20E543642249247C000BAA9C /* DHIconLabelView.swift */; };
		20E543742249248A000BAA9C /* DHUIBarButtonItem+Extension.swift in Sources */ = {isa = PBXBuildFile; fileRef = 20E5436A2249248A000BAA9C /* DHUIBarButtonItem+Extension.swift */; };
		20E543752249248A000BAA9C /* DHUITextView+Extension.swift in Sources */ = {isa = PBXBuildFile; fileRef = 20E5436B2249248A000BAA9C /* DHUITextView+Extension.swift */; };
		20E543762249248A000BAA9C /* DHUIImage+Extension.swift in Sources */ = {isa = PBXBuildFile; fileRef = 20E5436C2249248A000BAA9C /* DHUIImage+Extension.swift */; };
		20E543772249248A000BAA9C /* DHString+Extension.swift in Sources */ = {isa = PBXBuildFile; fileRef = 20E5436D2249248A000BAA9C /* DHString+Extension.swift */; };
		20E543782249248A000BAA9C /* DHDate+Extension.swift in Sources */ = {isa = PBXBuildFile; fileRef = 20E5436E2249248A000BAA9C /* DHDate+Extension.swift */; };
		20E543792249248A000BAA9C /* DHUIColor+Extension.swift in Sources */ = {isa = PBXBuildFile; fileRef = 20E5436F2249248A000BAA9C /* DHUIColor+Extension.swift */; };
		20E5437A2249248A000BAA9C /* DHDouble+Extension.swift in Sources */ = {isa = PBXBuildFile; fileRef = 20E543702249248A000BAA9C /* DHDouble+Extension.swift */; };
		20E5437B2249248A000BAA9C /* DHSegment+Extension.swift in Sources */ = {isa = PBXBuildFile; fileRef = 20E543712249248A000BAA9C /* DHSegment+Extension.swift */; };
		20E5437C2249248A000BAA9C /* DHUILabel+Extension.swift in Sources */ = {isa = PBXBuildFile; fileRef = 20E543722249248A000BAA9C /* DHUILabel+Extension.swift */; };
		20E5437D2249248A000BAA9C /* DHView+Extension.swift in Sources */ = {isa = PBXBuildFile; fileRef = 20E543732249248A000BAA9C /* DHView+Extension.swift */; };
		508BF435515508BD0A9D67D2 /* Pods_DevHelper.framework in Frameworks */ = {isa = PBXBuildFile; fileRef = 366CE5BADC64F8D4DB4D1C6F /* Pods_DevHelper.framework */; };
		6F30F8D8B5F7B1B176F7A615 /* Pods_DevHelperTests.framework in Frameworks */ = {isa = PBXBuildFile; fileRef = AD25EA29E92FED5D28280C52 /* Pods_DevHelperTests.framework */; };
/* End PBXBuildFile section */

/* Begin PBXContainerItemProxy section */
		205E4ECC21F8E94E00ABB0D8 /* PBXContainerItemProxy */ = {
			isa = PBXContainerItemProxy;
			containerPortal = 205E4EB821F8E94E00ABB0D8 /* Project object */;
			proxyType = 1;
			remoteGlobalIDString = 205E4EC021F8E94E00ABB0D8;
			remoteInfo = DevHelper;
		};
/* End PBXContainerItemProxy section */

/* Begin PBXFileReference section */
		205E4EC121F8E94E00ABB0D8 /* DevHelper.framework */ = {isa = PBXFileReference; explicitFileType = wrapper.framework; includeInIndex = 0; path = DevHelper.framework; sourceTree = BUILT_PRODUCTS_DIR; };
		205E4EC421F8E94E00ABB0D8 /* DevHelper.h */ = {isa = PBXFileReference; lastKnownFileType = sourcecode.c.h; path = DevHelper.h; sourceTree = "<group>"; };
		205E4EC521F8E94E00ABB0D8 /* Info.plist */ = {isa = PBXFileReference; lastKnownFileType = text.plist.xml; path = Info.plist; sourceTree = "<group>"; };
		205E4ECA21F8E94E00ABB0D8 /* DevHelperTests.xctest */ = {isa = PBXFileReference; explicitFileType = wrapper.cfbundle; includeInIndex = 0; path = DevHelperTests.xctest; sourceTree = BUILT_PRODUCTS_DIR; };
		205E4ECF21F8E94E00ABB0D8 /* DevHelperTests.swift */ = {isa = PBXFileReference; lastKnownFileType = sourcecode.swift; path = DevHelperTests.swift; sourceTree = "<group>"; };
		205E4ED121F8E94E00ABB0D8 /* Info.plist */ = {isa = PBXFileReference; lastKnownFileType = text.plist.xml; path = Info.plist; sourceTree = "<group>"; };
		205E4EFA21F901A500ABB0D8 /* DevHelper.podspec */ = {isa = PBXFileReference; fileEncoding = 4; lastKnownFileType = text; path = DevHelper.podspec; sourceTree = "<group>"; xcLanguageSpecificationIdentifier = xcode.lang.ruby; };
		205E4F1621F907AC00ABB0D8 /* SnapKit.framework */ = {isa = PBXFileReference; explicitFileType = wrapper.framework; path = SnapKit.framework; sourceTree = BUILT_PRODUCTS_DIR; };
		205E4F1821F907C000ABB0D8 /* Pods_Moon_Astrology.framework */ = {isa = PBXFileReference; explicitFileType = wrapper.framework; path = Pods_Moon_Astrology.framework; sourceTree = BUILT_PRODUCTS_DIR; };
		20E543602249247C000BAA9C /* DHGradientView.swift */ = {isa = PBXFileReference; fileEncoding = 4; lastKnownFileType = sourcecode.swift; path = DHGradientView.swift; sourceTree = "<group>"; };
		20E543612249247C000BAA9C /* DHHeaderView.swift */ = {isa = PBXFileReference; fileEncoding = 4; lastKnownFileType = sourcecode.swift; path = DHHeaderView.swift; sourceTree = "<group>"; };
		20E543622249247C000BAA9C /* DHCenteredCollectionView.swift */ = {isa = PBXFileReference; fileEncoding = 4; lastKnownFileType = sourcecode.swift; path = DHCenteredCollectionView.swift; sourceTree = "<group>"; };
		20E543632249247C000BAA9C /* DHUIBuilder.swift */ = {isa = PBXFileReference; fileEncoding = 4; lastKnownFileType = sourcecode.swift; path = DHUIBuilder.swift; sourceTree = "<group>"; };
		20E543642249247C000BAA9C /* DHIconLabelView.swift */ = {isa = PBXFileReference; fileEncoding = 4; lastKnownFileType = sourcecode.swift; path = DHIconLabelView.swift; sourceTree = "<group>"; };
		20E5436A2249248A000BAA9C /* DHUIBarButtonItem+Extension.swift */ = {isa = PBXFileReference; fileEncoding = 4; lastKnownFileType = sourcecode.swift; path = "DHUIBarButtonItem+Extension.swift"; sourceTree = "<group>"; };
		20E5436B2249248A000BAA9C /* DHUITextView+Extension.swift */ = {isa = PBXFileReference; fileEncoding = 4; lastKnownFileType = sourcecode.swift; path = "DHUITextView+Extension.swift"; sourceTree = "<group>"; };
		20E5436C2249248A000BAA9C /* DHUIImage+Extension.swift */ = {isa = PBXFileReference; fileEncoding = 4; lastKnownFileType = sourcecode.swift; path = "DHUIImage+Extension.swift"; sourceTree = "<group>"; };
		20E5436D2249248A000BAA9C /* DHString+Extension.swift */ = {isa = PBXFileReference; fileEncoding = 4; lastKnownFileType = sourcecode.swift; path = "DHString+Extension.swift"; sourceTree = "<group>"; };
		20E5436E2249248A000BAA9C /* DHDate+Extension.swift */ = {isa = PBXFileReference; fileEncoding = 4; lastKnownFileType = sourcecode.swift; path = "DHDate+Extension.swift"; sourceTree = "<group>"; };
		20E5436F2249248A000BAA9C /* DHUIColor+Extension.swift */ = {isa = PBXFileReference; fileEncoding = 4; lastKnownFileType = sourcecode.swift; path = "DHUIColor+Extension.swift"; sourceTree = "<group>"; };
		20E543702249248A000BAA9C /* DHDouble+Extension.swift */ = {isa = PBXFileReference; fileEncoding = 4; lastKnownFileType = sourcecode.swift; path = "DHDouble+Extension.swift"; sourceTree = "<group>"; };
		20E543712249248A000BAA9C /* DHSegment+Extension.swift */ = {isa = PBXFileReference; fileEncoding = 4; lastKnownFileType = sourcecode.swift; path = "DHSegment+Extension.swift"; sourceTree = "<group>"; };
		20E543722249248A000BAA9C /* DHUILabel+Extension.swift */ = {isa = PBXFileReference; fileEncoding = 4; lastKnownFileType = sourcecode.swift; path = "DHUILabel+Extension.swift"; sourceTree = "<group>"; };
		20E543732249248A000BAA9C /* DHView+Extension.swift */ = {isa = PBXFileReference; fileEncoding = 4; lastKnownFileType = sourcecode.swift; path = "DHView+Extension.swift"; sourceTree = "<group>"; };
		366CE5BADC64F8D4DB4D1C6F /* Pods_DevHelper.framework */ = {isa = PBXFileReference; explicitFileType = wrapper.framework; includeInIndex = 0; path = Pods_DevHelper.framework; sourceTree = BUILT_PRODUCTS_DIR; };
		36B88F72BC41FF0FD9958AD7 /* Pods-DevHelper.debug.xcconfig */ = {isa = PBXFileReference; includeInIndex = 1; lastKnownFileType = text.xcconfig; name = "Pods-DevHelper.debug.xcconfig"; path = "Target Support Files/Pods-DevHelper/Pods-DevHelper.debug.xcconfig"; sourceTree = "<group>"; };
		67F6621AD28214690B8E7254 /* Pods-DevHelperTests.debug.xcconfig */ = {isa = PBXFileReference; includeInIndex = 1; lastKnownFileType = text.xcconfig; name = "Pods-DevHelperTests.debug.xcconfig"; path = "Target Support Files/Pods-DevHelperTests/Pods-DevHelperTests.debug.xcconfig"; sourceTree = "<group>"; };
		856A6D7FE9B570987AD06186 /* Pods-DevHelper.release.xcconfig */ = {isa = PBXFileReference; includeInIndex = 1; lastKnownFileType = text.xcconfig; name = "Pods-DevHelper.release.xcconfig"; path = "Target Support Files/Pods-DevHelper/Pods-DevHelper.release.xcconfig"; sourceTree = "<group>"; };
		A78772F72F0417AC9C2A7A5C /* Pods-DevHelperTests.release.xcconfig */ = {isa = PBXFileReference; includeInIndex = 1; lastKnownFileType = text.xcconfig; name = "Pods-DevHelperTests.release.xcconfig"; path = "Target Support Files/Pods-DevHelperTests/Pods-DevHelperTests.release.xcconfig"; sourceTree = "<group>"; };
		AD25EA29E92FED5D28280C52 /* Pods_DevHelperTests.framework */ = {isa = PBXFileReference; explicitFileType = wrapper.framework; includeInIndex = 0; path = Pods_DevHelperTests.framework; sourceTree = BUILT_PRODUCTS_DIR; };
/* End PBXFileReference section */

/* Begin PBXFrameworksBuildPhase section */
		205E4EBE21F8E94E00ABB0D8 /* Frameworks */ = {
			isa = PBXFrameworksBuildPhase;
			buildActionMask = 2147483647;
			files = (
				205E4F1921F907C000ABB0D8 /* Pods_Moon_Astrology.framework in Frameworks */,
				508BF435515508BD0A9D67D2 /* Pods_DevHelper.framework in Frameworks */,
			);
			runOnlyForDeploymentPostprocessing = 0;
		};
		205E4EC721F8E94E00ABB0D8 /* Frameworks */ = {
			isa = PBXFrameworksBuildPhase;
			buildActionMask = 2147483647;
			files = (
				205E4ECB21F8E94E00ABB0D8 /* DevHelper.framework in Frameworks */,
				6F30F8D8B5F7B1B176F7A615 /* Pods_DevHelperTests.framework in Frameworks */,
			);
			runOnlyForDeploymentPostprocessing = 0;
		};
/* End PBXFrameworksBuildPhase section */

/* Begin PBXGroup section */
		205E4EB721F8E94E00ABB0D8 = {
			isa = PBXGroup;
			children = (
				205E4EC321F8E94E00ABB0D8 /* DevHelper */,
				205E4ECE21F8E94E00ABB0D8 /* DevHelperTests */,
				205E4EC221F8E94E00ABB0D8 /* Products */,
				205E4EFA21F901A500ABB0D8 /* DevHelper.podspec */,
				205E4F1521F907AC00ABB0D8 /* Frameworks */,
				236C1D1C4D2538206A5D0BD8 /* Pods */,
			);
			sourceTree = "<group>";
		};
		205E4EC221F8E94E00ABB0D8 /* Products */ = {
			isa = PBXGroup;
			children = (
				205E4EC121F8E94E00ABB0D8 /* DevHelper.framework */,
				205E4ECA21F8E94E00ABB0D8 /* DevHelperTests.xctest */,
			);
			name = Products;
			sourceTree = "<group>";
		};
		205E4EC321F8E94E00ABB0D8 /* DevHelper */ = {
			isa = PBXGroup;
			children = (
				205E4F0921F9066F00ABB0D8 /* UI Layer */,
				205E4EFD21F9062E00ABB0D8 /* Extensions */,
				205E4EC421F8E94E00ABB0D8 /* DevHelper.h */,
				205E4EC521F8E94E00ABB0D8 /* Info.plist */,
			);
			path = DevHelper;
			sourceTree = "<group>";
		};
		205E4ECE21F8E94E00ABB0D8 /* DevHelperTests */ = {
			isa = PBXGroup;
			children = (
				205E4ECF21F8E94E00ABB0D8 /* DevHelperTests.swift */,
				205E4ED121F8E94E00ABB0D8 /* Info.plist */,
			);
			path = DevHelperTests;
			sourceTree = "<group>";
		};
		205E4EFD21F9062E00ABB0D8 /* Extensions */ = {
			isa = PBXGroup;
			children = (
				20E5436E2249248A000BAA9C /* DHDate+Extension.swift */,
				20E543702249248A000BAA9C /* DHDouble+Extension.swift */,
				20E543712249248A000BAA9C /* DHSegment+Extension.swift */,
				20E5436D2249248A000BAA9C /* DHString+Extension.swift */,
				20E5436A2249248A000BAA9C /* DHUIBarButtonItem+Extension.swift */,
				20E5436F2249248A000BAA9C /* DHUIColor+Extension.swift */,
				20E5436C2249248A000BAA9C /* DHUIImage+Extension.swift */,
				20E543722249248A000BAA9C /* DHUILabel+Extension.swift */,
				20E5436B2249248A000BAA9C /* DHUITextView+Extension.swift */,
				20E543732249248A000BAA9C /* DHView+Extension.swift */,
			);
			path = Extensions;
			sourceTree = "<group>";
		};
		205E4F0921F9066F00ABB0D8 /* UI Layer */ = {
			isa = PBXGroup;
			children = (
				20E543622249247C000BAA9C /* DHCenteredCollectionView.swift */,
				20E543602249247C000BAA9C /* DHGradientView.swift */,
				20E543612249247C000BAA9C /* DHHeaderView.swift */,
				20E543642249247C000BAA9C /* DHIconLabelView.swift */,
				20E543632249247C000BAA9C /* DHUIBuilder.swift */,
			);
			path = "UI Layer";
			sourceTree = "<group>";
		};
		205E4F1521F907AC00ABB0D8 /* Frameworks */ = {
			isa = PBXGroup;
			children = (
				205E4F1821F907C000ABB0D8 /* Pods_Moon_Astrology.framework */,
				205E4F1621F907AC00ABB0D8 /* SnapKit.framework */,
				366CE5BADC64F8D4DB4D1C6F /* Pods_DevHelper.framework */,
				AD25EA29E92FED5D28280C52 /* Pods_DevHelperTests.framework */,
			);
			name = Frameworks;
			sourceTree = "<group>";
		};
		236C1D1C4D2538206A5D0BD8 /* Pods */ = {
			isa = PBXGroup;
			children = (
				36B88F72BC41FF0FD9958AD7 /* Pods-DevHelper.debug.xcconfig */,
				856A6D7FE9B570987AD06186 /* Pods-DevHelper.release.xcconfig */,
				67F6621AD28214690B8E7254 /* Pods-DevHelperTests.debug.xcconfig */,
				A78772F72F0417AC9C2A7A5C /* Pods-DevHelperTests.release.xcconfig */,
			);
			name = Pods;
			path = Pods;
			sourceTree = "<group>";
		};
/* End PBXGroup section */

/* Begin PBXHeadersBuildPhase section */
		205E4EBC21F8E94E00ABB0D8 /* Headers */ = {
			isa = PBXHeadersBuildPhase;
			buildActionMask = 2147483647;
			files = (
				205E4ED221F8E94E00ABB0D8 /* DevHelper.h in Headers */,
			);
			runOnlyForDeploymentPostprocessing = 0;
		};
/* End PBXHeadersBuildPhase section */

/* Begin PBXNativeTarget section */
		205E4EC021F8E94E00ABB0D8 /* DevHelper */ = {
			isa = PBXNativeTarget;
			buildConfigurationList = 205E4ED521F8E94E00ABB0D8 /* Build configuration list for PBXNativeTarget "DevHelper" */;
			buildPhases = (
				0EFA3D5658A25BD802BA6CC4 /* [CP] Check Pods Manifest.lock */,
				205E4EBC21F8E94E00ABB0D8 /* Headers */,
				205E4EBD21F8E94E00ABB0D8 /* Sources */,
				205E4EBE21F8E94E00ABB0D8 /* Frameworks */,
				205E4EBF21F8E94E00ABB0D8 /* Resources */,
			);
			buildRules = (
			);
			dependencies = (
			);
			name = DevHelper;
			productName = DevHelper;
			productReference = 205E4EC121F8E94E00ABB0D8 /* DevHelper.framework */;
			productType = "com.apple.product-type.framework";
		};
		205E4EC921F8E94E00ABB0D8 /* DevHelperTests */ = {
			isa = PBXNativeTarget;
			buildConfigurationList = 205E4ED821F8E94E00ABB0D8 /* Build configuration list for PBXNativeTarget "DevHelperTests" */;
			buildPhases = (
				4C4A31D8434447FD6DB63F46 /* [CP] Check Pods Manifest.lock */,
				205E4EC621F8E94E00ABB0D8 /* Sources */,
				205E4EC721F8E94E00ABB0D8 /* Frameworks */,
				205E4EC821F8E94E00ABB0D8 /* Resources */,
			);
			buildRules = (
			);
			dependencies = (
				205E4ECD21F8E94E00ABB0D8 /* PBXTargetDependency */,
			);
			name = DevHelperTests;
			productName = DevHelperTests;
			productReference = 205E4ECA21F8E94E00ABB0D8 /* DevHelperTests.xctest */;
			productType = "com.apple.product-type.bundle.unit-test";
		};
/* End PBXNativeTarget section */

/* Begin PBXProject section */
		205E4EB821F8E94E00ABB0D8 /* Project object */ = {
			isa = PBXProject;
			attributes = {
				LastSwiftUpdateCheck = 1010;
				LastUpgradeCheck = 1010;
				ORGANIZATIONNAME = "Emil Karimov";
				TargetAttributes = {
					205E4EC021F8E94E00ABB0D8 = {
						CreatedOnToolsVersion = 10.1;
						DevelopmentTeam = V93MRMNEKV;
						LastSwiftMigration = 1010;
						ProvisioningStyle = Automatic;
					};
					205E4EC921F8E94E00ABB0D8 = {
						CreatedOnToolsVersion = 10.1;
						DevelopmentTeam = V93MRMNEKV;
						ProvisioningStyle = Automatic;
					};
				};
			};
			buildConfigurationList = 205E4EBB21F8E94E00ABB0D8 /* Build configuration list for PBXProject "DevHelper" */;
			compatibilityVersion = "Xcode 3.2";
			developmentRegion = en;
			hasScannedForEncodings = 0;
			knownRegions = (
				en,
			);
			mainGroup = 205E4EB721F8E94E00ABB0D8;
			productRefGroup = 205E4EC221F8E94E00ABB0D8 /* Products */;
			projectDirPath = "";
			projectRoot = "";
			targets = (
				205E4EC021F8E94E00ABB0D8 /* DevHelper */,
				205E4EC921F8E94E00ABB0D8 /* DevHelperTests */,
			);
		};
/* End PBXProject section */

/* Begin PBXResourcesBuildPhase section */
		205E4EBF21F8E94E00ABB0D8 /* Resources */ = {
			isa = PBXResourcesBuildPhase;
			buildActionMask = 2147483647;
			files = (
				205E4EFB21F901A500ABB0D8 /* DevHelper.podspec in Resources */,
			);
			runOnlyForDeploymentPostprocessing = 0;
		};
		205E4EC821F8E94E00ABB0D8 /* Resources */ = {
			isa = PBXResourcesBuildPhase;
			buildActionMask = 2147483647;
			files = (
			);
			runOnlyForDeploymentPostprocessing = 0;
		};
/* End PBXResourcesBuildPhase section */

/* Begin PBXShellScriptBuildPhase section */
		0EFA3D5658A25BD802BA6CC4 /* [CP] Check Pods Manifest.lock */ = {
			isa = PBXShellScriptBuildPhase;
			buildActionMask = 2147483647;
			files = (
			);
			inputFileListPaths = (
			);
			inputPaths = (
				"${PODS_PODFILE_DIR_PATH}/Podfile.lock",
				"${PODS_ROOT}/Manifest.lock",
			);
			name = "[CP] Check Pods Manifest.lock";
			outputFileListPaths = (
			);
			outputPaths = (
				"$(DERIVED_FILE_DIR)/Pods-DevHelper-checkManifestLockResult.txt",
			);
			runOnlyForDeploymentPostprocessing = 0;
			shellPath = /bin/sh;
			shellScript = "diff \"${PODS_PODFILE_DIR_PATH}/Podfile.lock\" \"${PODS_ROOT}/Manifest.lock\" > /dev/null\nif [ $? != 0 ] ; then\n    # print error to STDERR\n    echo \"error: The sandbox is not in sync with the Podfile.lock. Run 'pod install' or update your CocoaPods installation.\" >&2\n    exit 1\nfi\n# This output is used by Xcode 'outputs' to avoid re-running this script phase.\necho \"SUCCESS\" > \"${SCRIPT_OUTPUT_FILE_0}\"\n";
			showEnvVarsInLog = 0;
		};
		4C4A31D8434447FD6DB63F46 /* [CP] Check Pods Manifest.lock */ = {
			isa = PBXShellScriptBuildPhase;
			buildActionMask = 2147483647;
			files = (
			);
			inputFileListPaths = (
			);
			inputPaths = (
				"${PODS_PODFILE_DIR_PATH}/Podfile.lock",
				"${PODS_ROOT}/Manifest.lock",
			);
			name = "[CP] Check Pods Manifest.lock";
			outputFileListPaths = (
			);
			outputPaths = (
				"$(DERIVED_FILE_DIR)/Pods-DevHelperTests-checkManifestLockResult.txt",
			);
			runOnlyForDeploymentPostprocessing = 0;
			shellPath = /bin/sh;
			shellScript = "diff \"${PODS_PODFILE_DIR_PATH}/Podfile.lock\" \"${PODS_ROOT}/Manifest.lock\" > /dev/null\nif [ $? != 0 ] ; then\n    # print error to STDERR\n    echo \"error: The sandbox is not in sync with the Podfile.lock. Run 'pod install' or update your CocoaPods installation.\" >&2\n    exit 1\nfi\n# This output is used by Xcode 'outputs' to avoid re-running this script phase.\necho \"SUCCESS\" > \"${SCRIPT_OUTPUT_FILE_0}\"\n";
			showEnvVarsInLog = 0;
		};
/* End PBXShellScriptBuildPhase section */

/* Begin PBXSourcesBuildPhase section */
		205E4EBD21F8E94E00ABB0D8 /* Sources */ = {
			isa = PBXSourcesBuildPhase;
			buildActionMask = 2147483647;
			files = (
				20E543792249248A000BAA9C /* DHUIColor+Extension.swift in Sources */,
				20E543772249248A000BAA9C /* DHString+Extension.swift in Sources */,
				20E5437B2249248A000BAA9C /* DHSegment+Extension.swift in Sources */,
				20E543652249247C000BAA9C /* DHGradientView.swift in Sources */,
				20E5437C2249248A000BAA9C /* DHUILabel+Extension.swift in Sources */,
				20E543762249248A000BAA9C /* DHUIImage+Extension.swift in Sources */,
				20E5437D2249248A000BAA9C /* DHView+Extension.swift in Sources */,
				20E543782249248A000BAA9C /* DHDate+Extension.swift in Sources */,
				20E543682249247C000BAA9C /* DHUIBuilder.swift in Sources */,
				20E543692249247C000BAA9C /* DHIconLabelView.swift in Sources */,
				20E543752249248A000BAA9C /* DHUITextView+Extension.swift in Sources */,
				20E543662249247C000BAA9C /* DHHeaderView.swift in Sources */,
				20E543742249248A000BAA9C /* DHUIBarButtonItem+Extension.swift in Sources */,
				20E5437A2249248A000BAA9C /* DHDouble+Extension.swift in Sources */,
				20E543672249247C000BAA9C /* DHCenteredCollectionView.swift in Sources */,
			);
			runOnlyForDeploymentPostprocessing = 0;
		};
		205E4EC621F8E94E00ABB0D8 /* Sources */ = {
			isa = PBXSourcesBuildPhase;
			buildActionMask = 2147483647;
			files = (
				205E4ED021F8E94E00ABB0D8 /* DevHelperTests.swift in Sources */,
			);
			runOnlyForDeploymentPostprocessing = 0;
		};
/* End PBXSourcesBuildPhase section */

/* Begin PBXTargetDependency section */
		205E4ECD21F8E94E00ABB0D8 /* PBXTargetDependency */ = {
			isa = PBXTargetDependency;
			target = 205E4EC021F8E94E00ABB0D8 /* DevHelper */;
			targetProxy = 205E4ECC21F8E94E00ABB0D8 /* PBXContainerItemProxy */;
		};
/* End PBXTargetDependency section */

/* Begin XCBuildConfiguration section */
		205E4ED321F8E94E00ABB0D8 /* Debug */ = {
			isa = XCBuildConfiguration;
			buildSettings = {
				ALWAYS_SEARCH_USER_PATHS = NO;
				CLANG_ANALYZER_NONNULL = YES;
				CLANG_ANALYZER_NUMBER_OBJECT_CONVERSION = YES_AGGRESSIVE;
				CLANG_CXX_LANGUAGE_STANDARD = "gnu++14";
				CLANG_CXX_LIBRARY = "libc++";
				CLANG_ENABLE_MODULES = YES;
				CLANG_ENABLE_OBJC_ARC = YES;
				CLANG_ENABLE_OBJC_WEAK = YES;
				CLANG_WARN_BLOCK_CAPTURE_AUTORELEASING = YES;
				CLANG_WARN_BOOL_CONVERSION = YES;
				CLANG_WARN_COMMA = YES;
				CLANG_WARN_CONSTANT_CONVERSION = YES;
				CLANG_WARN_DEPRECATED_OBJC_IMPLEMENTATIONS = YES;
				CLANG_WARN_DIRECT_OBJC_ISA_USAGE = YES_ERROR;
				CLANG_WARN_DOCUMENTATION_COMMENTS = YES;
				CLANG_WARN_EMPTY_BODY = YES;
				CLANG_WARN_ENUM_CONVERSION = YES;
				CLANG_WARN_INFINITE_RECURSION = YES;
				CLANG_WARN_INT_CONVERSION = YES;
				CLANG_WARN_NON_LITERAL_NULL_CONVERSION = YES;
				CLANG_WARN_OBJC_IMPLICIT_RETAIN_SELF = YES;
				CLANG_WARN_OBJC_LITERAL_CONVERSION = YES;
				CLANG_WARN_OBJC_ROOT_CLASS = YES_ERROR;
				CLANG_WARN_RANGE_LOOP_ANALYSIS = YES;
				CLANG_WARN_STRICT_PROTOTYPES = YES;
				CLANG_WARN_SUSPICIOUS_MOVE = YES;
				CLANG_WARN_UNGUARDED_AVAILABILITY = YES_AGGRESSIVE;
				CLANG_WARN_UNREACHABLE_CODE = YES;
				CLANG_WARN__DUPLICATE_METHOD_MATCH = YES;
				CODE_SIGN_IDENTITY = "iPhone Developer";
				COPY_PHASE_STRIP = NO;
				CURRENT_PROJECT_VERSION = 1;
				DEBUG_INFORMATION_FORMAT = dwarf;
				ENABLE_STRICT_OBJC_MSGSEND = YES;
				ENABLE_TESTABILITY = YES;
				GCC_C_LANGUAGE_STANDARD = gnu11;
				GCC_DYNAMIC_NO_PIC = NO;
				GCC_NO_COMMON_BLOCKS = YES;
				GCC_OPTIMIZATION_LEVEL = 0;
				GCC_PREPROCESSOR_DEFINITIONS = (
					"DEBUG=1",
					"$(inherited)",
				);
				GCC_WARN_64_TO_32_BIT_CONVERSION = YES;
				GCC_WARN_ABOUT_RETURN_TYPE = YES_ERROR;
				GCC_WARN_UNDECLARED_SELECTOR = YES;
				GCC_WARN_UNINITIALIZED_AUTOS = YES_AGGRESSIVE;
				GCC_WARN_UNUSED_FUNCTION = YES;
				GCC_WARN_UNUSED_VARIABLE = YES;
				IPHONEOS_DEPLOYMENT_TARGET = 11.0;
				MTL_ENABLE_DEBUG_INFO = INCLUDE_SOURCE;
				MTL_FAST_MATH = YES;
				ONLY_ACTIVE_ARCH = YES;
				SDKROOT = iphoneos;
				SWIFT_ACTIVE_COMPILATION_CONDITIONS = DEBUG;
				SWIFT_OPTIMIZATION_LEVEL = "-Onone";
				VERSIONING_SYSTEM = "apple-generic";
				VERSION_INFO_PREFIX = "";
			};
			name = Debug;
		};
		205E4ED421F8E94E00ABB0D8 /* Release */ = {
			isa = XCBuildConfiguration;
			buildSettings = {
				ALWAYS_SEARCH_USER_PATHS = NO;
				CLANG_ANALYZER_NONNULL = YES;
				CLANG_ANALYZER_NUMBER_OBJECT_CONVERSION = YES_AGGRESSIVE;
				CLANG_CXX_LANGUAGE_STANDARD = "gnu++14";
				CLANG_CXX_LIBRARY = "libc++";
				CLANG_ENABLE_MODULES = YES;
				CLANG_ENABLE_OBJC_ARC = YES;
				CLANG_ENABLE_OBJC_WEAK = YES;
				CLANG_WARN_BLOCK_CAPTURE_AUTORELEASING = YES;
				CLANG_WARN_BOOL_CONVERSION = YES;
				CLANG_WARN_COMMA = YES;
				CLANG_WARN_CONSTANT_CONVERSION = YES;
				CLANG_WARN_DEPRECATED_OBJC_IMPLEMENTATIONS = YES;
				CLANG_WARN_DIRECT_OBJC_ISA_USAGE = YES_ERROR;
				CLANG_WARN_DOCUMENTATION_COMMENTS = YES;
				CLANG_WARN_EMPTY_BODY = YES;
				CLANG_WARN_ENUM_CONVERSION = YES;
				CLANG_WARN_INFINITE_RECURSION = YES;
				CLANG_WARN_INT_CONVERSION = YES;
				CLANG_WARN_NON_LITERAL_NULL_CONVERSION = YES;
				CLANG_WARN_OBJC_IMPLICIT_RETAIN_SELF = YES;
				CLANG_WARN_OBJC_LITERAL_CONVERSION = YES;
				CLANG_WARN_OBJC_ROOT_CLASS = YES_ERROR;
				CLANG_WARN_RANGE_LOOP_ANALYSIS = YES;
				CLANG_WARN_STRICT_PROTOTYPES = YES;
				CLANG_WARN_SUSPICIOUS_MOVE = YES;
				CLANG_WARN_UNGUARDED_AVAILABILITY = YES_AGGRESSIVE;
				CLANG_WARN_UNREACHABLE_CODE = YES;
				CLANG_WARN__DUPLICATE_METHOD_MATCH = YES;
				CODE_SIGN_IDENTITY = "iPhone Developer";
				COPY_PHASE_STRIP = NO;
				CURRENT_PROJECT_VERSION = 1;
				DEBUG_INFORMATION_FORMAT = "dwarf-with-dsym";
				ENABLE_NS_ASSERTIONS = NO;
				ENABLE_STRICT_OBJC_MSGSEND = YES;
				GCC_C_LANGUAGE_STANDARD = gnu11;
				GCC_NO_COMMON_BLOCKS = YES;
				GCC_WARN_64_TO_32_BIT_CONVERSION = YES;
				GCC_WARN_ABOUT_RETURN_TYPE = YES_ERROR;
				GCC_WARN_UNDECLARED_SELECTOR = YES;
				GCC_WARN_UNINITIALIZED_AUTOS = YES_AGGRESSIVE;
				GCC_WARN_UNUSED_FUNCTION = YES;
				GCC_WARN_UNUSED_VARIABLE = YES;
				IPHONEOS_DEPLOYMENT_TARGET = 11.0;
				MTL_ENABLE_DEBUG_INFO = NO;
				MTL_FAST_MATH = YES;
				SDKROOT = iphoneos;
				SWIFT_OPTIMIZATION_LEVEL = "-Owholemodule";
				VALIDATE_PRODUCT = YES;
				VERSIONING_SYSTEM = "apple-generic";
				VERSION_INFO_PREFIX = "";
			};
			name = Release;
		};
		205E4ED621F8E94E00ABB0D8 /* Debug */ = {
			isa = XCBuildConfiguration;
			baseConfigurationReference = 36B88F72BC41FF0FD9958AD7 /* Pods-DevHelper.debug.xcconfig */;
			buildSettings = {
				CLANG_ENABLE_MODULES = YES;
				CODE_SIGN_IDENTITY = "";
				CODE_SIGN_STYLE = Automatic;
				DEFINES_MODULE = YES;
				DEVELOPMENT_TEAM = V93MRMNEKV;
				DYLIB_COMPATIBILITY_VERSION = 1;
				DYLIB_CURRENT_VERSION = 1;
				DYLIB_INSTALL_NAME_BASE = "@rpath";
				INFOPLIST_FILE = DevHelper/Info.plist;
				INSTALL_PATH = "$(LOCAL_LIBRARY_DIR)/Frameworks";
				LD_RUNPATH_SEARCH_PATHS = "$(inherited) @executable_path/Frameworks @loader_path/Frameworks";
				PRODUCT_BUNDLE_IDENTIFIER = "com.eskaria.dev-helper";
				PRODUCT_NAME = "$(TARGET_NAME:c99extidentifier)";
				SKIP_INSTALL = YES;
				SWIFT_OPTIMIZATION_LEVEL = "-Onone";
				SWIFT_VERSION = 4.2;
				TARGETED_DEVICE_FAMILY = "1,2";
			};
			name = Debug;
		};
		205E4ED721F8E94E00ABB0D8 /* Release */ = {
			isa = XCBuildConfiguration;
			baseConfigurationReference = 856A6D7FE9B570987AD06186 /* Pods-DevHelper.release.xcconfig */;
			buildSettings = {
				CLANG_ENABLE_MODULES = YES;
				CODE_SIGN_IDENTITY = "";
				CODE_SIGN_STYLE = Automatic;
				DEFINES_MODULE = YES;
				DEVELOPMENT_TEAM = V93MRMNEKV;
				DYLIB_COMPATIBILITY_VERSION = 1;
				DYLIB_CURRENT_VERSION = 1;
				DYLIB_INSTALL_NAME_BASE = "@rpath";
				INFOPLIST_FILE = DevHelper/Info.plist;
				INSTALL_PATH = "$(LOCAL_LIBRARY_DIR)/Frameworks";
				LD_RUNPATH_SEARCH_PATHS = "$(inherited) @executable_path/Frameworks @loader_path/Frameworks";
				PRODUCT_BUNDLE_IDENTIFIER = "com.eskaria.dev-helper";
				PRODUCT_NAME = "$(TARGET_NAME:c99extidentifier)";
				SKIP_INSTALL = YES;
				SWIFT_VERSION = 4.2;
				TARGETED_DEVICE_FAMILY = "1,2";
			};
			name = Release;
		};
		205E4ED921F8E94E00ABB0D8 /* Debug */ = {
			isa = XCBuildConfiguration;
			baseConfigurationReference = 67F6621AD28214690B8E7254 /* Pods-DevHelperTests.debug.xcconfig */;
			buildSettings = {
				ALWAYS_EMBED_SWIFT_STANDARD_LIBRARIES = YES;
				CODE_SIGN_STYLE = Automatic;
				DEVELOPMENT_TEAM = V93MRMNEKV;
				INFOPLIST_FILE = DevHelperTests/Info.plist;
				LD_RUNPATH_SEARCH_PATHS = "$(inherited) @executable_path/Frameworks @loader_path/Frameworks";
				PRODUCT_BUNDLE_IDENTIFIER = com.eskaria.DevHelperTests;
				PRODUCT_NAME = "$(TARGET_NAME)";
				SWIFT_VERSION = 4.2;
				TARGETED_DEVICE_FAMILY = "1,2";
			};
			name = Debug;
		};
		205E4EDA21F8E94E00ABB0D8 /* Release */ = {
			isa = XCBuildConfiguration;
			baseConfigurationReference = A78772F72F0417AC9C2A7A5C /* Pods-DevHelperTests.release.xcconfig */;
			buildSettings = {
				ALWAYS_EMBED_SWIFT_STANDARD_LIBRARIES = YES;
				CODE_SIGN_STYLE = Automatic;
				DEVELOPMENT_TEAM = V93MRMNEKV;
				INFOPLIST_FILE = DevHelperTests/Info.plist;
				LD_RUNPATH_SEARCH_PATHS = "$(inherited) @executable_path/Frameworks @loader_path/Frameworks";
				PRODUCT_BUNDLE_IDENTIFIER = com.eskaria.DevHelperTests;
				PRODUCT_NAME = "$(TARGET_NAME)";
				SWIFT_VERSION = 4.2;
				TARGETED_DEVICE_FAMILY = "1,2";
			};
			name = Release;
		};
/* End XCBuildConfiguration section */

/* Begin XCConfigurationList section */
		205E4EBB21F8E94E00ABB0D8 /* Build configuration list for PBXProject "DevHelper" */ = {
			isa = XCConfigurationList;
			buildConfigurations = (
				205E4ED321F8E94E00ABB0D8 /* Debug */,
				205E4ED421F8E94E00ABB0D8 /* Release */,
			);
			defaultConfigurationIsVisible = 0;
			defaultConfigurationName = Release;
		};
		205E4ED521F8E94E00ABB0D8 /* Build configuration list for PBXNativeTarget "DevHelper" */ = {
			isa = XCConfigurationList;
			buildConfigurations = (
				205E4ED621F8E94E00ABB0D8 /* Debug */,
				205E4ED721F8E94E00ABB0D8 /* Release */,
			);
			defaultConfigurationIsVisible = 0;
			defaultConfigurationName = Release;
		};
		205E4ED821F8E94E00ABB0D8 /* Build configuration list for PBXNativeTarget "DevHelperTests" */ = {
			isa = XCConfigurationList;
			buildConfigurations = (
				205E4ED921F8E94E00ABB0D8 /* Debug */,
				205E4EDA21F8E94E00ABB0D8 /* Release */,
			);
			defaultConfigurationIsVisible = 0;
			defaultConfigurationName = Release;
		};
/* End XCConfigurationList section */
	};
	rootObject = 205E4EB821F8E94E00ABB0D8 /* Project object */;
}
